
Microsoft Visual Studio Solution File, Format Version 12.00
# Visual Studio Version 16
VisualStudioVersion = 16.0.30021.99
MinimumVisualStudioVersion = 10.0.40219.1
Project("{FAE04EC0-301F-11D3-BF4B-00C04F79EFBC}") = "HTTPClientDemo", "HTTPClientDemo\HTTPClientDemo.csproj", "{1EF79069-510B-4138-A1C9-15D606EBDD34}"
EndProject
Global
	GlobalSection(SolutionConfigurationPlatforms) = preSolution
		Debug|Any CPU = Debug|Any CPU
		Release|Any CPU = Release|Any CPU
	EndGlobalSection
	GlobalSection(ProjectConfigurationPlatforms) = postSolution
		{1EF79069-510B-4138-A1C9-15D606EBDD34}.Debug|Any CPU.ActiveCfg = Debug|Any CPU
		{1EF79069-510B-4138-A1C9-15D606EBDD34}.Debug|Any CPU.Build.0 = Debug|Any CPU
		{1EF79069-510B-4138-A1C9-15D606EBDD34}.Release|Any CPU.ActiveCfg = Release|Any CPU
		{1EF79069-510B-4138-A1C9-15D606EBDD34}.Release|Any CPU.Build.0 = Release|Any CPU
	EndGlobalSection
	GlobalSection(SolutionProperties) = preSolution
		HideSolutionNode = FALSE
	EndGlobalSection
	GlobalSection(ExtensibilityGlobals) = postSolution
		SolutionGuid = {36F3245D-D47F-404B-9EBD-9DC109FAC004}
	EndGlobalSection
EndGlobal
