
Microsoft Visual Studio Solution File, Format Version 12.00
# Visual Studio 15
VisualStudioVersion = 15.0.28307.539
MinimumVisualStudioVersion = 10.0.40219.1
Project("{FAE04EC0-301F-11D3-BF4B-00C04F79EFBC}") = "1.Vapor winter sale", "1.Vapor winter sale\1.Vapor winter sale.csproj", "{CE12FE7F-CE52-430C-A1EF-B96B04683EF4}"
EndProject
Project("{FAE04EC0-301F-11D3-BF4B-00C04F79EFBC}") = "02. Activation Keys", "02. Activation Keys\02. Activation Keys.csproj", "{89A22556-B84E-436E-B52E-C2AA9F2A825D}"
EndProject
Global
	GlobalSection(SolutionConfigurationPlatforms) = preSolution
		Debug|Any CPU = Debug|Any CPU
		Release|Any CPU = Release|Any CPU
	EndGlobalSection
	GlobalSection(ProjectConfigurationPlatforms) = postSolution
		{CE12FE7F-CE52-430C-A1EF-B96B04683EF4}.Debug|Any CPU.ActiveCfg = Debug|Any CPU
		{CE12FE7F-CE52-430C-A1EF-B96B04683EF4}.Debug|Any CPU.Build.0 = Debug|Any CPU
		{CE12FE7F-CE52-430C-A1EF-B96B04683EF4}.Release|Any CPU.ActiveCfg = Release|Any CPU
		{CE12FE7F-CE52-430C-A1EF-B96B04683EF4}.Release|Any CPU.Build.0 = Release|Any CPU
		{89A22556-B84E-436E-B52E-C2AA9F2A825D}.Debug|Any CPU.ActiveCfg = Debug|Any CPU
		{89A22556-B84E-436E-B52E-C2AA9F2A825D}.Debug|Any CPU.Build.0 = Debug|Any CPU
		{89A22556-B84E-436E-B52E-C2AA9F2A825D}.Release|Any CPU.ActiveCfg = Release|Any CPU
		{89A22556-B84E-436E-B52E-C2AA9F2A825D}.Release|Any CPU.Build.0 = Release|Any CPU
	EndGlobalSection
	GlobalSection(SolutionProperties) = preSolution
		HideSolutionNode = FALSE
	EndGlobalSection
	GlobalSection(ExtensibilityGlobals) = postSolution
		SolutionGuid = {E9AF7890-0B44-46F4-B4A3-36A42D45D81C}
	EndGlobalSection
EndGlobal
