
Microsoft Visual Studio Solution File, Format Version 12.00
# Visual Studio Version 16
VisualStudioVersion = 16.0.30021.99
MinimumVisualStudioVersion = 10.0.40219.1
Project("{FAE04EC0-301F-11D3-BF4B-00C04F79EFBC}") = "DB First model", "lesson\DB First model.csproj", "{92FB5D1D-A218-4944-BFD4-46AABBF8E509}"
EndProject
Project("{FAE04EC0-301F-11D3-BF4B-00C04F79EFBC}") = "Code First model", "Code First model\Code First model.csproj", "{5DBE1297-FBE1-43A4-9DC3-BCD48C50E95D}"
EndProject
Global
	GlobalSection(SolutionConfigurationPlatforms) = preSolution
		Debug|Any CPU = Debug|Any CPU
		Release|Any CPU = Release|Any CPU
	EndGlobalSection
	GlobalSection(ProjectConfigurationPlatforms) = postSolution
		{92FB5D1D-A218-4944-BFD4-46AABBF8E509}.Debug|Any CPU.ActiveCfg = Debug|Any CPU
		{92FB5D1D-A218-4944-BFD4-46AABBF8E509}.Debug|Any CPU.Build.0 = Debug|Any CPU
		{92FB5D1D-A218-4944-BFD4-46AABBF8E509}.Release|Any CPU.ActiveCfg = Release|Any CPU
		{92FB5D1D-A218-4944-BFD4-46AABBF8E509}.Release|Any CPU.Build.0 = Release|Any CPU
		{5DBE1297-FBE1-43A4-9DC3-BCD48C50E95D}.Debug|Any CPU.ActiveCfg = Debug|Any CPU
		{5DBE1297-FBE1-43A4-9DC3-BCD48C50E95D}.Debug|Any CPU.Build.0 = Debug|Any CPU
		{5DBE1297-FBE1-43A4-9DC3-BCD48C50E95D}.Release|Any CPU.ActiveCfg = Release|Any CPU
		{5DBE1297-FBE1-43A4-9DC3-BCD48C50E95D}.Release|Any CPU.Build.0 = Release|Any CPU
	EndGlobalSection
	GlobalSection(SolutionProperties) = preSolution
		HideSolutionNode = FALSE
	EndGlobalSection
	GlobalSection(ExtensibilityGlobals) = postSolution
		SolutionGuid = {8076D6A2-36B9-449B-A8A3-27D0D45515C0}
	EndGlobalSection
EndGlobal
