
Microsoft Visual Studio Solution File, Format Version 12.00
# Visual Studio 15
VisualStudioVersion = 15.0.28010.2046
MinimumVisualStudioVersion = 10.0.40219.1
Project("{FAE04EC0-301F-11D3-BF4B-00C04F79EFBC}") = "char string and if operation", "char string and operation\char string and if operation.csproj", "{0971818F-4267-4ED1-A3DE-63517F20C7BB}"
EndProject
Project("{FAE04EC0-301F-11D3-BF4B-00C04F79EFBC}") = "if else", "..\if else\if else.csproj", "{D01E0C1F-EDAE-4477-8830-0F029C9D5A6A}"
EndProject
Project("{FAE04EC0-301F-11D3-BF4B-00C04F79EFBC}") = "string ToLower", "Exellent mark\string ToLower.csproj", "{69998317-432A-42C9-B1C9-6EC52BB02BCC}"
EndProject
Project("{FAE04EC0-301F-11D3-BF4B-00C04F79EFBC}") = "max number", "max number\max number.csproj", "{86865AE2-D934-4486-A36F-211E97E8172A}"
EndProject
Project("{FAE04EC0-301F-11D3-BF4B-00C04F79EFBC}") = "toy store", "toy store\toy store.csproj", "{08DCFA53-F834-4810-ADCB-A25907DFE200}"
EndProject
Global
	GlobalSection(SolutionConfigurationPlatforms) = preSolution
		Debug|Any CPU = Debug|Any CPU
		Release|Any CPU = Release|Any CPU
	EndGlobalSection
	GlobalSection(ProjectConfigurationPlatforms) = postSolution
		{0971818F-4267-4ED1-A3DE-63517F20C7BB}.Debug|Any CPU.ActiveCfg = Debug|Any CPU
		{0971818F-4267-4ED1-A3DE-63517F20C7BB}.Debug|Any CPU.Build.0 = Debug|Any CPU
		{0971818F-4267-4ED1-A3DE-63517F20C7BB}.Release|Any CPU.ActiveCfg = Release|Any CPU
		{0971818F-4267-4ED1-A3DE-63517F20C7BB}.Release|Any CPU.Build.0 = Release|Any CPU
		{D01E0C1F-EDAE-4477-8830-0F029C9D5A6A}.Debug|Any CPU.ActiveCfg = Debug|Any CPU
		{D01E0C1F-EDAE-4477-8830-0F029C9D5A6A}.Debug|Any CPU.Build.0 = Debug|Any CPU
		{D01E0C1F-EDAE-4477-8830-0F029C9D5A6A}.Release|Any CPU.ActiveCfg = Release|Any CPU
		{D01E0C1F-EDAE-4477-8830-0F029C9D5A6A}.Release|Any CPU.Build.0 = Release|Any CPU
		{69998317-432A-42C9-B1C9-6EC52BB02BCC}.Debug|Any CPU.ActiveCfg = Debug|Any CPU
		{69998317-432A-42C9-B1C9-6EC52BB02BCC}.Debug|Any CPU.Build.0 = Debug|Any CPU
		{69998317-432A-42C9-B1C9-6EC52BB02BCC}.Release|Any CPU.ActiveCfg = Release|Any CPU
		{69998317-432A-42C9-B1C9-6EC52BB02BCC}.Release|Any CPU.Build.0 = Release|Any CPU
		{86865AE2-D934-4486-A36F-211E97E8172A}.Debug|Any CPU.ActiveCfg = Debug|Any CPU
		{86865AE2-D934-4486-A36F-211E97E8172A}.Debug|Any CPU.Build.0 = Debug|Any CPU
		{86865AE2-D934-4486-A36F-211E97E8172A}.Release|Any CPU.ActiveCfg = Release|Any CPU
		{86865AE2-D934-4486-A36F-211E97E8172A}.Release|Any CPU.Build.0 = Release|Any CPU
		{08DCFA53-F834-4810-ADCB-A25907DFE200}.Debug|Any CPU.ActiveCfg = Debug|Any CPU
		{08DCFA53-F834-4810-ADCB-A25907DFE200}.Debug|Any CPU.Build.0 = Debug|Any CPU
		{08DCFA53-F834-4810-ADCB-A25907DFE200}.Release|Any CPU.ActiveCfg = Release|Any CPU
		{08DCFA53-F834-4810-ADCB-A25907DFE200}.Release|Any CPU.Build.0 = Release|Any CPU
	EndGlobalSection
	GlobalSection(SolutionProperties) = preSolution
		HideSolutionNode = FALSE
	EndGlobalSection
	GlobalSection(ExtensibilityGlobals) = postSolution
		SolutionGuid = {469FBD3E-6995-41BF-8913-9C0B802D6194}
	EndGlobalSection
EndGlobal
