
Microsoft Visual Studio Solution File, Format Version 12.00
# Visual Studio Version 16
VisualStudioVersion = 16.0.30021.99
MinimumVisualStudioVersion = 10.0.40219.1
Project("{FAE04EC0-301F-11D3-BF4B-00C04F79EFBC}") = "P01_HospitalDatabase", "P01_HospitalDatabase\P01_HospitalDatabase.csproj", "{40739D56-E215-489D-A06E-1C8D9B8118A0}"
EndProject
Global
	GlobalSection(SolutionConfigurationPlatforms) = preSolution
		Debug|Any CPU = Debug|Any CPU
		Release|Any CPU = Release|Any CPU
	EndGlobalSection
	GlobalSection(ProjectConfigurationPlatforms) = postSolution
		{40739D56-E215-489D-A06E-1C8D9B8118A0}.Debug|Any CPU.ActiveCfg = Debug|Any CPU
		{40739D56-E215-489D-A06E-1C8D9B8118A0}.Debug|Any CPU.Build.0 = Debug|Any CPU
		{40739D56-E215-489D-A06E-1C8D9B8118A0}.Release|Any CPU.ActiveCfg = Release|Any CPU
		{40739D56-E215-489D-A06E-1C8D9B8118A0}.Release|Any CPU.Build.0 = Release|Any CPU
	EndGlobalSection
	GlobalSection(SolutionProperties) = preSolution
		HideSolutionNode = FALSE
	EndGlobalSection
	GlobalSection(ExtensibilityGlobals) = postSolution
		SolutionGuid = {DE11148D-76F7-4CD7-A1B6-351041FEECEB}
	EndGlobalSection
EndGlobal
