
Microsoft Visual Studio Solution File, Format Version 12.00
# Visual Studio Version 16
VisualStudioVersion = 16.0.29409.12
MinimumVisualStudioVersion = 10.0.40219.1
Project("{FAE04EC0-301F-11D3-BF4B-00C04F79EFBC}") = "Defining classes", "Defining classes.csproj", "{C0B6790B-C290-4E6B-A841-5910396B5745}"
EndProject
Project("{FAE04EC0-301F-11D3-BF4B-00C04F79EFBC}") = "class car", "..\class car\class car.csproj", "{029B3D8D-020A-482A-88B7-D247CA8C136A}"
EndProject
Project("{FAE04EC0-301F-11D3-BF4B-00C04F79EFBC}") = "Class car and engine", "..\Class car and engine\Class car and engine.csproj", "{976C9305-C42C-478F-AEFC-36097A96A833}"
EndProject
Global
	GlobalSection(SolutionConfigurationPlatforms) = preSolution
		Debug|Any CPU = Debug|Any CPU
		Release|Any CPU = Release|Any CPU
	EndGlobalSection
	GlobalSection(ProjectConfigurationPlatforms) = postSolution
		{C0B6790B-C290-4E6B-A841-5910396B5745}.Debug|Any CPU.ActiveCfg = Debug|Any CPU
		{C0B6790B-C290-4E6B-A841-5910396B5745}.Debug|Any CPU.Build.0 = Debug|Any CPU
		{C0B6790B-C290-4E6B-A841-5910396B5745}.Release|Any CPU.ActiveCfg = Release|Any CPU
		{C0B6790B-C290-4E6B-A841-5910396B5745}.Release|Any CPU.Build.0 = Release|Any CPU
		{029B3D8D-020A-482A-88B7-D247CA8C136A}.Debug|Any CPU.ActiveCfg = Debug|Any CPU
		{029B3D8D-020A-482A-88B7-D247CA8C136A}.Debug|Any CPU.Build.0 = Debug|Any CPU
		{029B3D8D-020A-482A-88B7-D247CA8C136A}.Release|Any CPU.ActiveCfg = Release|Any CPU
		{029B3D8D-020A-482A-88B7-D247CA8C136A}.Release|Any CPU.Build.0 = Release|Any CPU
		{976C9305-C42C-478F-AEFC-36097A96A833}.Debug|Any CPU.ActiveCfg = Debug|Any CPU
		{976C9305-C42C-478F-AEFC-36097A96A833}.Debug|Any CPU.Build.0 = Debug|Any CPU
		{976C9305-C42C-478F-AEFC-36097A96A833}.Release|Any CPU.ActiveCfg = Release|Any CPU
		{976C9305-C42C-478F-AEFC-36097A96A833}.Release|Any CPU.Build.0 = Release|Any CPU
	EndGlobalSection
	GlobalSection(SolutionProperties) = preSolution
		HideSolutionNode = FALSE
	EndGlobalSection
	GlobalSection(ExtensibilityGlobals) = postSolution
		SolutionGuid = {AAC18A40-C022-4BC5-95F6-444CDDD4B94A}
	EndGlobalSection
EndGlobal
