
Microsoft Visual Studio Solution File, Format Version 12.00
# Visual Studio Version 16
VisualStudioVersion = 16.0.29409.12
MinimumVisualStudioVersion = 10.0.40219.1
Project("{9A19103F-16F7-4668-BE54-9A1E7A4F7556}") = "Repository", "Repository.csproj", "{0053342F-A2C6-40CC-893C-052047848568}"
EndProject
Global
	GlobalSection(SolutionConfigurationPlatforms) = preSolution
		Debug|Any CPU = Debug|Any CPU
		Release|Any CPU = Release|Any CPU
	EndGlobalSection
	GlobalSection(ProjectConfigurationPlatforms) = postSolution
		{0053342F-A2C6-40CC-893C-052047848568}.Debug|Any CPU.ActiveCfg = Debug|Any CPU
		{0053342F-A2C6-40CC-893C-052047848568}.Debug|Any CPU.Build.0 = Debug|Any CPU
		{0053342F-A2C6-40CC-893C-052047848568}.Release|Any CPU.ActiveCfg = Release|Any CPU
		{0053342F-A2C6-40CC-893C-052047848568}.Release|Any CPU.Build.0 = Release|Any CPU
	EndGlobalSection
	GlobalSection(SolutionProperties) = preSolution
		HideSolutionNode = FALSE
	EndGlobalSection
	GlobalSection(ExtensibilityGlobals) = postSolution
		SolutionGuid = {2EC16B06-FE06-40D3-9077-675B3A152CA0}
	EndGlobalSection
EndGlobal
