
Microsoft Visual Studio Solution File, Format Version 12.00
# Visual Studio 15
VisualStudioVersion = 15.0.28010.2048
MinimumVisualStudioVersion = 10.0.40219.1
Project("{FAE04EC0-301F-11D3-BF4B-00C04F79EFBC}") = "switch", "switch\switch.csproj", "{13F8D2CD-244E-4650-BB80-6F53F49B4D50}"
EndProject
Global
	GlobalSection(SolutionConfigurationPlatforms) = preSolution
		Debug|Any CPU = Debug|Any CPU
		Release|Any CPU = Release|Any CPU
	EndGlobalSection
	GlobalSection(ProjectConfigurationPlatforms) = postSolution
		{13F8D2CD-244E-4650-BB80-6F53F49B4D50}.Debug|Any CPU.ActiveCfg = Debug|Any CPU
		{13F8D2CD-244E-4650-BB80-6F53F49B4D50}.Debug|Any CPU.Build.0 = Debug|Any CPU
		{13F8D2CD-244E-4650-BB80-6F53F49B4D50}.Release|Any CPU.ActiveCfg = Release|Any CPU
		{13F8D2CD-244E-4650-BB80-6F53F49B4D50}.Release|Any CPU.Build.0 = Release|Any CPU
	EndGlobalSection
	GlobalSection(SolutionProperties) = preSolution
		HideSolutionNode = FALSE
	EndGlobalSection
	GlobalSection(ExtensibilityGlobals) = postSolution
		SolutionGuid = {E276D3C8-A2B6-4A01-B308-99C7008A3919}
	EndGlobalSection
EndGlobal
