
Microsoft Visual Studio Solution File, Format Version 12.00
# Visual Studio 15
VisualStudioVersion = 15.0.28307.329
MinimumVisualStudioVersion = 10.0.40219.1
Project("{9A19103F-16F7-4668-BE54-9A1E7A4F7556}") = "methods lab", "methods lab\methods lab.csproj", "{281A7385-ED9D-4ED2-ACF7-9FD952937E8B}"
EndProject
Project("{9A19103F-16F7-4668-BE54-9A1E7A4F7556}") = "grades", "grades\grades.csproj", "{32F06D0E-0F23-438C-B24F-14846EA674B1}"
EndProject
Project("{9A19103F-16F7-4668-BE54-9A1E7A4F7556}") = "calculations", "calculations\calculations.csproj", "{2F404E40-0A7E-4398-9B06-9046D209A0EC}"
EndProject
Project("{9A19103F-16F7-4668-BE54-9A1E7A4F7556}") = "print triangle", "print triangle\print triangle.csproj", "{FDDD11DA-25D7-4AF5-A610-B0C655BFDA6A}"
EndProject
Project("{9A19103F-16F7-4668-BE54-9A1E7A4F7556}") = "orders", "orders\orders.csproj", "{CD878181-722A-4664-A960-BA6FA05A04E4}"
EndProject
Project("{9A19103F-16F7-4668-BE54-9A1E7A4F7556}") = "calculation rectangle area", "calculation rectangle area\calculation rectangle area.csproj", "{72084514-A4A2-4E66-B1CB-D06216E93FAA}"
EndProject
Project("{9A19103F-16F7-4668-BE54-9A1E7A4F7556}") = "repeat string", "repeat string\repeat string.csproj", "{7F7D5263-4695-4604-9125-91606B5C40CE}"
EndProject
Project("{9A19103F-16F7-4668-BE54-9A1E7A4F7556}") = "math power", "math power\math power.csproj", "{3194C1A8-7B32-4F10-9DD1-F2C9E729B28D}"
EndProject
Project("{9A19103F-16F7-4668-BE54-9A1E7A4F7556}") = "greater of two values", "greater of two values\greater of two values.csproj", "{36166A3A-D6BD-4DD9-B41E-1348BBD2A096}"
EndProject
Project("{9A19103F-16F7-4668-BE54-9A1E7A4F7556}") = "multiply even by odds", "multiply even by odds\multiply even by odds.csproj", "{EF6872F3-0968-4202-93DB-7D8F1E3E6ABE}"
EndProject
Project("{FAE04EC0-301F-11D3-BF4B-00C04F79EFBC}") = "multiply evens by odds", "multiply evens by odds\multiply evens by odds.csproj", "{81AAC638-0AD7-4F61-838C-4BC25710F714}"
EndProject
Project("{FAE04EC0-301F-11D3-BF4B-00C04F79EFBC}") = "math operations", "math operations\math operations.csproj", "{3154ECE3-3F46-4F75-A5D2-F0561AC6518B}"
EndProject
Global
	GlobalSection(SolutionConfigurationPlatforms) = preSolution
		Debug|Any CPU = Debug|Any CPU
		Release|Any CPU = Release|Any CPU
	EndGlobalSection
	GlobalSection(ProjectConfigurationPlatforms) = postSolution
		{281A7385-ED9D-4ED2-ACF7-9FD952937E8B}.Debug|Any CPU.ActiveCfg = Debug|Any CPU
		{281A7385-ED9D-4ED2-ACF7-9FD952937E8B}.Debug|Any CPU.Build.0 = Debug|Any CPU
		{281A7385-ED9D-4ED2-ACF7-9FD952937E8B}.Release|Any CPU.ActiveCfg = Release|Any CPU
		{281A7385-ED9D-4ED2-ACF7-9FD952937E8B}.Release|Any CPU.Build.0 = Release|Any CPU
		{32F06D0E-0F23-438C-B24F-14846EA674B1}.Debug|Any CPU.ActiveCfg = Debug|Any CPU
		{32F06D0E-0F23-438C-B24F-14846EA674B1}.Debug|Any CPU.Build.0 = Debug|Any CPU
		{32F06D0E-0F23-438C-B24F-14846EA674B1}.Release|Any CPU.ActiveCfg = Release|Any CPU
		{32F06D0E-0F23-438C-B24F-14846EA674B1}.Release|Any CPU.Build.0 = Release|Any CPU
		{2F404E40-0A7E-4398-9B06-9046D209A0EC}.Debug|Any CPU.ActiveCfg = Debug|Any CPU
		{2F404E40-0A7E-4398-9B06-9046D209A0EC}.Debug|Any CPU.Build.0 = Debug|Any CPU
		{2F404E40-0A7E-4398-9B06-9046D209A0EC}.Release|Any CPU.ActiveCfg = Release|Any CPU
		{2F404E40-0A7E-4398-9B06-9046D209A0EC}.Release|Any CPU.Build.0 = Release|Any CPU
		{FDDD11DA-25D7-4AF5-A610-B0C655BFDA6A}.Debug|Any CPU.ActiveCfg = Debug|Any CPU
		{FDDD11DA-25D7-4AF5-A610-B0C655BFDA6A}.Debug|Any CPU.Build.0 = Debug|Any CPU
		{FDDD11DA-25D7-4AF5-A610-B0C655BFDA6A}.Release|Any CPU.ActiveCfg = Release|Any CPU
		{FDDD11DA-25D7-4AF5-A610-B0C655BFDA6A}.Release|Any CPU.Build.0 = Release|Any CPU
		{CD878181-722A-4664-A960-BA6FA05A04E4}.Debug|Any CPU.ActiveCfg = Debug|Any CPU
		{CD878181-722A-4664-A960-BA6FA05A04E4}.Debug|Any CPU.Build.0 = Debug|Any CPU
		{CD878181-722A-4664-A960-BA6FA05A04E4}.Release|Any CPU.ActiveCfg = Release|Any CPU
		{CD878181-722A-4664-A960-BA6FA05A04E4}.Release|Any CPU.Build.0 = Release|Any CPU
		{72084514-A4A2-4E66-B1CB-D06216E93FAA}.Debug|Any CPU.ActiveCfg = Debug|Any CPU
		{72084514-A4A2-4E66-B1CB-D06216E93FAA}.Debug|Any CPU.Build.0 = Debug|Any CPU
		{72084514-A4A2-4E66-B1CB-D06216E93FAA}.Release|Any CPU.ActiveCfg = Release|Any CPU
		{72084514-A4A2-4E66-B1CB-D06216E93FAA}.Release|Any CPU.Build.0 = Release|Any CPU
		{7F7D5263-4695-4604-9125-91606B5C40CE}.Debug|Any CPU.ActiveCfg = Debug|Any CPU
		{7F7D5263-4695-4604-9125-91606B5C40CE}.Debug|Any CPU.Build.0 = Debug|Any CPU
		{7F7D5263-4695-4604-9125-91606B5C40CE}.Release|Any CPU.ActiveCfg = Release|Any CPU
		{7F7D5263-4695-4604-9125-91606B5C40CE}.Release|Any CPU.Build.0 = Release|Any CPU
		{3194C1A8-7B32-4F10-9DD1-F2C9E729B28D}.Debug|Any CPU.ActiveCfg = Debug|Any CPU
		{3194C1A8-7B32-4F10-9DD1-F2C9E729B28D}.Debug|Any CPU.Build.0 = Debug|Any CPU
		{3194C1A8-7B32-4F10-9DD1-F2C9E729B28D}.Release|Any CPU.ActiveCfg = Release|Any CPU
		{3194C1A8-7B32-4F10-9DD1-F2C9E729B28D}.Release|Any CPU.Build.0 = Release|Any CPU
		{36166A3A-D6BD-4DD9-B41E-1348BBD2A096}.Debug|Any CPU.ActiveCfg = Debug|Any CPU
		{36166A3A-D6BD-4DD9-B41E-1348BBD2A096}.Debug|Any CPU.Build.0 = Debug|Any CPU
		{36166A3A-D6BD-4DD9-B41E-1348BBD2A096}.Release|Any CPU.ActiveCfg = Release|Any CPU
		{36166A3A-D6BD-4DD9-B41E-1348BBD2A096}.Release|Any CPU.Build.0 = Release|Any CPU
		{EF6872F3-0968-4202-93DB-7D8F1E3E6ABE}.Debug|Any CPU.ActiveCfg = Debug|Any CPU
		{EF6872F3-0968-4202-93DB-7D8F1E3E6ABE}.Debug|Any CPU.Build.0 = Debug|Any CPU
		{EF6872F3-0968-4202-93DB-7D8F1E3E6ABE}.Release|Any CPU.ActiveCfg = Release|Any CPU
		{EF6872F3-0968-4202-93DB-7D8F1E3E6ABE}.Release|Any CPU.Build.0 = Release|Any CPU
		{81AAC638-0AD7-4F61-838C-4BC25710F714}.Debug|Any CPU.ActiveCfg = Debug|Any CPU
		{81AAC638-0AD7-4F61-838C-4BC25710F714}.Debug|Any CPU.Build.0 = Debug|Any CPU
		{81AAC638-0AD7-4F61-838C-4BC25710F714}.Release|Any CPU.ActiveCfg = Release|Any CPU
		{81AAC638-0AD7-4F61-838C-4BC25710F714}.Release|Any CPU.Build.0 = Release|Any CPU
		{3154ECE3-3F46-4F75-A5D2-F0561AC6518B}.Debug|Any CPU.ActiveCfg = Debug|Any CPU
		{3154ECE3-3F46-4F75-A5D2-F0561AC6518B}.Debug|Any CPU.Build.0 = Debug|Any CPU
		{3154ECE3-3F46-4F75-A5D2-F0561AC6518B}.Release|Any CPU.ActiveCfg = Release|Any CPU
		{3154ECE3-3F46-4F75-A5D2-F0561AC6518B}.Release|Any CPU.Build.0 = Release|Any CPU
	EndGlobalSection
	GlobalSection(SolutionProperties) = preSolution
		HideSolutionNode = FALSE
	EndGlobalSection
	GlobalSection(ExtensibilityGlobals) = postSolution
		SolutionGuid = {94C2FBCA-815F-48C5-BE8E-52971292939F}
	EndGlobalSection
EndGlobal
