
Microsoft Visual Studio Solution File, Format Version 12.00
# Visual Studio Version 16
VisualStudioVersion = 16.0.29424.173
MinimumVisualStudioVersion = 10.0.40219.1
Project("{FAE04EC0-301F-11D3-BF4B-00C04F79EFBC}") = "BorderControl", "BorderControl.csproj", "{53BCF55F-D5F0-45A1-856E-4340B92EDFCA}"
EndProject
Global
	GlobalSection(SolutionConfigurationPlatforms) = preSolution
		Debug|Any CPU = Debug|Any CPU
		Release|Any CPU = Release|Any CPU
	EndGlobalSection
	GlobalSection(ProjectConfigurationPlatforms) = postSolution
		{53BCF55F-D5F0-45A1-856E-4340B92EDFCA}.Debug|Any CPU.ActiveCfg = Debug|Any CPU
		{53BCF55F-D5F0-45A1-856E-4340B92EDFCA}.Debug|Any CPU.Build.0 = Debug|Any CPU
		{53BCF55F-D5F0-45A1-856E-4340B92EDFCA}.Release|Any CPU.ActiveCfg = Release|Any CPU
		{53BCF55F-D5F0-45A1-856E-4340B92EDFCA}.Release|Any CPU.Build.0 = Release|Any CPU
	EndGlobalSection
	GlobalSection(SolutionProperties) = preSolution
		HideSolutionNode = FALSE
	EndGlobalSection
	GlobalSection(ExtensibilityGlobals) = postSolution
		SolutionGuid = {166AD994-29FF-40AA-A53F-734E27A817DC}
	EndGlobalSection
EndGlobal
