
Microsoft Visual Studio Solution File, Format Version 12.00
# Visual Studio Version 16
VisualStudioVersion = 16.0.29409.12
MinimumVisualStudioVersion = 10.0.40219.1
Project("{FAE04EC0-301F-11D3-BF4B-00C04F79EFBC}") = "DefiningClassses", "DefiningClassses.csproj", "{D894F71F-0DDE-47F6-B446-3F307E94195A}"
EndProject
Global
	GlobalSection(SolutionConfigurationPlatforms) = preSolution
		Debug|Any CPU = Debug|Any CPU
		Release|Any CPU = Release|Any CPU
	EndGlobalSection
	GlobalSection(ProjectConfigurationPlatforms) = postSolution
		{D894F71F-0DDE-47F6-B446-3F307E94195A}.Debug|Any CPU.ActiveCfg = Debug|Any CPU
		{D894F71F-0DDE-47F6-B446-3F307E94195A}.Debug|Any CPU.Build.0 = Debug|Any CPU
		{D894F71F-0DDE-47F6-B446-3F307E94195A}.Release|Any CPU.ActiveCfg = Release|Any CPU
		{D894F71F-0DDE-47F6-B446-3F307E94195A}.Release|Any CPU.Build.0 = Release|Any CPU
	EndGlobalSection
	GlobalSection(SolutionProperties) = preSolution
		HideSolutionNode = FALSE
	EndGlobalSection
	GlobalSection(ExtensibilityGlobals) = postSolution
		SolutionGuid = {4B3E0F65-22DD-4CBF-8327-E6AFEA5AF4CA}
	EndGlobalSection
EndGlobal
