
Microsoft Visual Studio Solution File, Format Version 12.00
# Visual Studio 15
VisualStudioVersion = 15.0.28307.329
MinimumVisualStudioVersion = 10.0.40219.1
Project("{FAE04EC0-301F-11D3-BF4B-00C04F79EFBC}") = "exam 2019", "exam 2019\exam 2019.csproj", "{4BD92218-5C08-4248-BF48-7F4730EF80E8}"
EndProject
Project("{FAE04EC0-301F-11D3-BF4B-00C04F79EFBC}") = "Hello france", "Hello france\Hello france.csproj", "{32376914-CA2B-4D38-B913-3422C13FB47B}"
EndProject
Project("{FAE04EC0-301F-11D3-BF4B-00C04F79EFBC}") = "last stop", "last stop\last stop.csproj", "{1558E133-6A0F-4339-BB3F-88B91F67918F}"
EndProject
Project("{FAE04EC0-301F-11D3-BF4B-00C04F79EFBC}") = "2 Hello france", "2 Hello france\2 Hello france.csproj", "{F5EFAEBC-3249-43AD-A52E-B8FE2C4D0130}"
EndProject
Global
	GlobalSection(SolutionConfigurationPlatforms) = preSolution
		Debug|Any CPU = Debug|Any CPU
		Release|Any CPU = Release|Any CPU
	EndGlobalSection
	GlobalSection(ProjectConfigurationPlatforms) = postSolution
		{4BD92218-5C08-4248-BF48-7F4730EF80E8}.Debug|Any CPU.ActiveCfg = Debug|Any CPU
		{4BD92218-5C08-4248-BF48-7F4730EF80E8}.Debug|Any CPU.Build.0 = Debug|Any CPU
		{4BD92218-5C08-4248-BF48-7F4730EF80E8}.Release|Any CPU.ActiveCfg = Release|Any CPU
		{4BD92218-5C08-4248-BF48-7F4730EF80E8}.Release|Any CPU.Build.0 = Release|Any CPU
		{32376914-CA2B-4D38-B913-3422C13FB47B}.Debug|Any CPU.ActiveCfg = Debug|Any CPU
		{32376914-CA2B-4D38-B913-3422C13FB47B}.Debug|Any CPU.Build.0 = Debug|Any CPU
		{32376914-CA2B-4D38-B913-3422C13FB47B}.Release|Any CPU.ActiveCfg = Release|Any CPU
		{32376914-CA2B-4D38-B913-3422C13FB47B}.Release|Any CPU.Build.0 = Release|Any CPU
		{1558E133-6A0F-4339-BB3F-88B91F67918F}.Debug|Any CPU.ActiveCfg = Debug|Any CPU
		{1558E133-6A0F-4339-BB3F-88B91F67918F}.Debug|Any CPU.Build.0 = Debug|Any CPU
		{1558E133-6A0F-4339-BB3F-88B91F67918F}.Release|Any CPU.ActiveCfg = Release|Any CPU
		{1558E133-6A0F-4339-BB3F-88B91F67918F}.Release|Any CPU.Build.0 = Release|Any CPU
		{F5EFAEBC-3249-43AD-A52E-B8FE2C4D0130}.Debug|Any CPU.ActiveCfg = Debug|Any CPU
		{F5EFAEBC-3249-43AD-A52E-B8FE2C4D0130}.Debug|Any CPU.Build.0 = Debug|Any CPU
		{F5EFAEBC-3249-43AD-A52E-B8FE2C4D0130}.Release|Any CPU.ActiveCfg = Release|Any CPU
		{F5EFAEBC-3249-43AD-A52E-B8FE2C4D0130}.Release|Any CPU.Build.0 = Release|Any CPU
	EndGlobalSection
	GlobalSection(SolutionProperties) = preSolution
		HideSolutionNode = FALSE
	EndGlobalSection
	GlobalSection(ExtensibilityGlobals) = postSolution
		SolutionGuid = {EEF8E44D-F951-4F5E-890A-22DC02F91837}
	EndGlobalSection
EndGlobal
