
Microsoft Visual Studio Solution File, Format Version 12.00
# Visual Studio Version 16
VisualStudioVersion = 16.0.29424.173
MinimumVisualStudioVersion = 10.0.40219.1
Project("{FAE04EC0-301F-11D3-BF4B-00C04F79EFBC}") = "WildFarm", "WildFarm.csproj", "{E2C71628-DAB3-44BF-AB77-331065CC7FDC}"
EndProject
Global
	GlobalSection(SolutionConfigurationPlatforms) = preSolution
		Debug|Any CPU = Debug|Any CPU
		Release|Any CPU = Release|Any CPU
	EndGlobalSection
	GlobalSection(ProjectConfigurationPlatforms) = postSolution
		{E2C71628-DAB3-44BF-AB77-331065CC7FDC}.Debug|Any CPU.ActiveCfg = Debug|Any CPU
		{E2C71628-DAB3-44BF-AB77-331065CC7FDC}.Debug|Any CPU.Build.0 = Debug|Any CPU
		{E2C71628-DAB3-44BF-AB77-331065CC7FDC}.Release|Any CPU.ActiveCfg = Release|Any CPU
		{E2C71628-DAB3-44BF-AB77-331065CC7FDC}.Release|Any CPU.Build.0 = Release|Any CPU
	EndGlobalSection
	GlobalSection(SolutionProperties) = preSolution
		HideSolutionNode = FALSE
	EndGlobalSection
	GlobalSection(ExtensibilityGlobals) = postSolution
		SolutionGuid = {DA63E8A5-0DF2-44CE-9884-98BB17A8688D}
	EndGlobalSection
EndGlobal
