
Microsoft Visual Studio Solution File, Format Version 12.00
# Visual Studio 15
VisualStudioVersion = 15.0.28307.329
MinimumVisualStudioVersion = 10.0.40219.1
Project("{FAE04EC0-301F-11D3-BF4B-00C04F79EFBC}") = "data types and variables exercise", "data types and variables exercise\data types and variables exercise.csproj", "{62AE82FB-2FC0-4316-99CE-54D90334CCA9}"
EndProject
Project("{FAE04EC0-301F-11D3-BF4B-00C04F79EFBC}") = "sum digits", "sum digits\sum digits.csproj", "{A580A722-0582-4F96-902F-603EB49A632D}"
EndProject
Project("{FAE04EC0-301F-11D3-BF4B-00C04F79EFBC}") = "elevator", "elevator\elevator.csproj", "{9DB8782C-0901-4A82-AF1E-361403783A90}"
EndProject
Project("{FAE04EC0-301F-11D3-BF4B-00C04F79EFBC}") = "sum of chars", "sum of chars\sum of chars.csproj", "{29B845A1-5DEA-4920-8082-3DA9B78CB751}"
EndProject
Project("{FAE04EC0-301F-11D3-BF4B-00C04F79EFBC}") = "print part of ascii table", "print part of ascii table\print part of ascii table.csproj", "{3A75EF9A-3F22-4CFC-A414-C45E51BEE38B}"
EndProject
Project("{FAE04EC0-301F-11D3-BF4B-00C04F79EFBC}") = "triples of latin letters", "triples of latin letters\triples of latin letters.csproj", "{1C5DF318-D0A0-4E71-A9A7-D5F5E49FE893}"
EndProject
Project("{FAE04EC0-301F-11D3-BF4B-00C04F79EFBC}") = "test", "test\test.csproj", "{5BB035F1-08DE-44E7-A0B4-5B51F7AEFD6B}"
EndProject
Project("{FAE04EC0-301F-11D3-BF4B-00C04F79EFBC}") = "water overflow", "water overflow\water overflow.csproj", "{C53E94E7-DDF9-43D9-BC2E-916534B56F63}"
EndProject
Project("{FAE04EC0-301F-11D3-BF4B-00C04F79EFBC}") = "beer kegs", "beer kegs\beer kegs.csproj", "{120D93CF-D4C1-42CD-A8C5-5628F4A19FEE}"
EndProject
Project("{FAE04EC0-301F-11D3-BF4B-00C04F79EFBC}") = "spice must flow", "spice must flow\spice must flow.csproj", "{AFE77B13-73CF-4282-A925-B1B73E12B316}"
EndProject
Project("{FAE04EC0-301F-11D3-BF4B-00C04F79EFBC}") = "poke mon", "poke mon\poke mon.csproj", "{9594E128-9FE1-44FE-8C48-BFE35D0D2FC0}"
EndProject
Project("{FAE04EC0-301F-11D3-BF4B-00C04F79EFBC}") = "snowballs", "snowballs\snowballs.csproj", "{FFF09B3E-AB5E-4AC4-BF8D-8264CB50978E}"
EndProject
Global
	GlobalSection(SolutionConfigurationPlatforms) = preSolution
		Debug|Any CPU = Debug|Any CPU
		Release|Any CPU = Release|Any CPU
	EndGlobalSection
	GlobalSection(ProjectConfigurationPlatforms) = postSolution
		{62AE82FB-2FC0-4316-99CE-54D90334CCA9}.Debug|Any CPU.ActiveCfg = Debug|Any CPU
		{62AE82FB-2FC0-4316-99CE-54D90334CCA9}.Debug|Any CPU.Build.0 = Debug|Any CPU
		{62AE82FB-2FC0-4316-99CE-54D90334CCA9}.Release|Any CPU.ActiveCfg = Release|Any CPU
		{62AE82FB-2FC0-4316-99CE-54D90334CCA9}.Release|Any CPU.Build.0 = Release|Any CPU
		{A580A722-0582-4F96-902F-603EB49A632D}.Debug|Any CPU.ActiveCfg = Debug|Any CPU
		{A580A722-0582-4F96-902F-603EB49A632D}.Debug|Any CPU.Build.0 = Debug|Any CPU
		{A580A722-0582-4F96-902F-603EB49A632D}.Release|Any CPU.ActiveCfg = Release|Any CPU
		{A580A722-0582-4F96-902F-603EB49A632D}.Release|Any CPU.Build.0 = Release|Any CPU
		{9DB8782C-0901-4A82-AF1E-361403783A90}.Debug|Any CPU.ActiveCfg = Debug|Any CPU
		{9DB8782C-0901-4A82-AF1E-361403783A90}.Debug|Any CPU.Build.0 = Debug|Any CPU
		{9DB8782C-0901-4A82-AF1E-361403783A90}.Release|Any CPU.ActiveCfg = Release|Any CPU
		{9DB8782C-0901-4A82-AF1E-361403783A90}.Release|Any CPU.Build.0 = Release|Any CPU
		{29B845A1-5DEA-4920-8082-3DA9B78CB751}.Debug|Any CPU.ActiveCfg = Debug|Any CPU
		{29B845A1-5DEA-4920-8082-3DA9B78CB751}.Debug|Any CPU.Build.0 = Debug|Any CPU
		{29B845A1-5DEA-4920-8082-3DA9B78CB751}.Release|Any CPU.ActiveCfg = Release|Any CPU
		{29B845A1-5DEA-4920-8082-3DA9B78CB751}.Release|Any CPU.Build.0 = Release|Any CPU
		{3A75EF9A-3F22-4CFC-A414-C45E51BEE38B}.Debug|Any CPU.ActiveCfg = Debug|Any CPU
		{3A75EF9A-3F22-4CFC-A414-C45E51BEE38B}.Debug|Any CPU.Build.0 = Debug|Any CPU
		{3A75EF9A-3F22-4CFC-A414-C45E51BEE38B}.Release|Any CPU.ActiveCfg = Release|Any CPU
		{3A75EF9A-3F22-4CFC-A414-C45E51BEE38B}.Release|Any CPU.Build.0 = Release|Any CPU
		{1C5DF318-D0A0-4E71-A9A7-D5F5E49FE893}.Debug|Any CPU.ActiveCfg = Debug|Any CPU
		{1C5DF318-D0A0-4E71-A9A7-D5F5E49FE893}.Debug|Any CPU.Build.0 = Debug|Any CPU
		{1C5DF318-D0A0-4E71-A9A7-D5F5E49FE893}.Release|Any CPU.ActiveCfg = Release|Any CPU
		{1C5DF318-D0A0-4E71-A9A7-D5F5E49FE893}.Release|Any CPU.Build.0 = Release|Any CPU
		{5BB035F1-08DE-44E7-A0B4-5B51F7AEFD6B}.Debug|Any CPU.ActiveCfg = Debug|Any CPU
		{5BB035F1-08DE-44E7-A0B4-5B51F7AEFD6B}.Debug|Any CPU.Build.0 = Debug|Any CPU
		{5BB035F1-08DE-44E7-A0B4-5B51F7AEFD6B}.Release|Any CPU.ActiveCfg = Release|Any CPU
		{5BB035F1-08DE-44E7-A0B4-5B51F7AEFD6B}.Release|Any CPU.Build.0 = Release|Any CPU
		{C53E94E7-DDF9-43D9-BC2E-916534B56F63}.Debug|Any CPU.ActiveCfg = Debug|Any CPU
		{C53E94E7-DDF9-43D9-BC2E-916534B56F63}.Debug|Any CPU.Build.0 = Debug|Any CPU
		{C53E94E7-DDF9-43D9-BC2E-916534B56F63}.Release|Any CPU.ActiveCfg = Release|Any CPU
		{C53E94E7-DDF9-43D9-BC2E-916534B56F63}.Release|Any CPU.Build.0 = Release|Any CPU
		{120D93CF-D4C1-42CD-A8C5-5628F4A19FEE}.Debug|Any CPU.ActiveCfg = Debug|Any CPU
		{120D93CF-D4C1-42CD-A8C5-5628F4A19FEE}.Debug|Any CPU.Build.0 = Debug|Any CPU
		{120D93CF-D4C1-42CD-A8C5-5628F4A19FEE}.Release|Any CPU.ActiveCfg = Release|Any CPU
		{120D93CF-D4C1-42CD-A8C5-5628F4A19FEE}.Release|Any CPU.Build.0 = Release|Any CPU
		{AFE77B13-73CF-4282-A925-B1B73E12B316}.Debug|Any CPU.ActiveCfg = Debug|Any CPU
		{AFE77B13-73CF-4282-A925-B1B73E12B316}.Debug|Any CPU.Build.0 = Debug|Any CPU
		{AFE77B13-73CF-4282-A925-B1B73E12B316}.Release|Any CPU.ActiveCfg = Release|Any CPU
		{AFE77B13-73CF-4282-A925-B1B73E12B316}.Release|Any CPU.Build.0 = Release|Any CPU
		{9594E128-9FE1-44FE-8C48-BFE35D0D2FC0}.Debug|Any CPU.ActiveCfg = Debug|Any CPU
		{9594E128-9FE1-44FE-8C48-BFE35D0D2FC0}.Debug|Any CPU.Build.0 = Debug|Any CPU
		{9594E128-9FE1-44FE-8C48-BFE35D0D2FC0}.Release|Any CPU.ActiveCfg = Release|Any CPU
		{9594E128-9FE1-44FE-8C48-BFE35D0D2FC0}.Release|Any CPU.Build.0 = Release|Any CPU
		{FFF09B3E-AB5E-4AC4-BF8D-8264CB50978E}.Debug|Any CPU.ActiveCfg = Debug|Any CPU
		{FFF09B3E-AB5E-4AC4-BF8D-8264CB50978E}.Debug|Any CPU.Build.0 = Debug|Any CPU
		{FFF09B3E-AB5E-4AC4-BF8D-8264CB50978E}.Release|Any CPU.ActiveCfg = Release|Any CPU
		{FFF09B3E-AB5E-4AC4-BF8D-8264CB50978E}.Release|Any CPU.Build.0 = Release|Any CPU
	EndGlobalSection
	GlobalSection(SolutionProperties) = preSolution
		HideSolutionNode = FALSE
	EndGlobalSection
	GlobalSection(ExtensibilityGlobals) = postSolution
		SolutionGuid = {F7CE743D-234B-4C8C-BBDC-405961C4BA8D}
	EndGlobalSection
EndGlobal
