
Microsoft Visual Studio Solution File, Format Version 12.00
# Visual Studio Version 16
VisualStudioVersion = 16.0.29424.173
MinimumVisualStudioVersion = 10.0.40219.1
Project("{9A19103F-16F7-4668-BE54-9A1E7A4F7556}") = "Debugging techniques", "Debugging techniques.csproj", "{760B2AA3-613E-4FFF-B5DB-98CB14C0501F}"
EndProject
Project("{FAE04EC0-301F-11D3-BF4B-00C04F79EFBC}") = "class debug", "class debug\class debug.csproj", "{A1CCDB47-5C97-4F3E-8324-CC3101736A4F}"
EndProject
Project("{FAE04EC0-301F-11D3-BF4B-00C04F79EFBC}") = "BreakPoint", "BreakPoint\BreakPoint.csproj", "{434B71DA-8A69-4C4D-9568-935D82C2A506}"
EndProject
Global
	GlobalSection(SolutionConfigurationPlatforms) = preSolution
		Debug|Any CPU = Debug|Any CPU
		Release|Any CPU = Release|Any CPU
	EndGlobalSection
	GlobalSection(ProjectConfigurationPlatforms) = postSolution
		{760B2AA3-613E-4FFF-B5DB-98CB14C0501F}.Debug|Any CPU.ActiveCfg = Debug|Any CPU
		{760B2AA3-613E-4FFF-B5DB-98CB14C0501F}.Debug|Any CPU.Build.0 = Debug|Any CPU
		{760B2AA3-613E-4FFF-B5DB-98CB14C0501F}.Release|Any CPU.ActiveCfg = Release|Any CPU
		{760B2AA3-613E-4FFF-B5DB-98CB14C0501F}.Release|Any CPU.Build.0 = Release|Any CPU
		{A1CCDB47-5C97-4F3E-8324-CC3101736A4F}.Debug|Any CPU.ActiveCfg = Debug|Any CPU
		{A1CCDB47-5C97-4F3E-8324-CC3101736A4F}.Debug|Any CPU.Build.0 = Debug|Any CPU
		{A1CCDB47-5C97-4F3E-8324-CC3101736A4F}.Release|Any CPU.ActiveCfg = Release|Any CPU
		{A1CCDB47-5C97-4F3E-8324-CC3101736A4F}.Release|Any CPU.Build.0 = Release|Any CPU
		{434B71DA-8A69-4C4D-9568-935D82C2A506}.Debug|Any CPU.ActiveCfg = Debug|Any CPU
		{434B71DA-8A69-4C4D-9568-935D82C2A506}.Debug|Any CPU.Build.0 = Debug|Any CPU
		{434B71DA-8A69-4C4D-9568-935D82C2A506}.Release|Any CPU.ActiveCfg = Release|Any CPU
		{434B71DA-8A69-4C4D-9568-935D82C2A506}.Release|Any CPU.Build.0 = Release|Any CPU
	EndGlobalSection
	GlobalSection(SolutionProperties) = preSolution
		HideSolutionNode = FALSE
	EndGlobalSection
	GlobalSection(ExtensibilityGlobals) = postSolution
		SolutionGuid = {89AF47DD-0B0F-461C-95EE-B3E7D4B7ADBF}
	EndGlobalSection
EndGlobal
