
Microsoft Visual Studio Solution File, Format Version 12.00
# Visual Studio 15
VisualStudioVersion = 15.0.28307.539
MinimumVisualStudioVersion = 10.0.40219.1
Project("{9A19103F-16F7-4668-BE54-9A1E7A4F7556}") = "1. Concert", "1. Concert\1. Concert.csproj", "{3F216411-F31E-4C9B-A414-DC1E1513CA29}"
EndProject
Project("{9A19103F-16F7-4668-BE54-9A1E7A4F7556}") = "2. Song Encryption", "2. Song Encryption\2. Song Encryption.csproj", "{567D186C-ACF5-4C9E-BBD9-37EFFB3B0C7D}"
EndProject
Project("{FAE04EC0-301F-11D3-BF4B-00C04F79EFBC}") = "2.Song Encryption Regex", "2.Song Encryption Regex\2.Song Encryption Regex.csproj", "{B4726F3A-681C-4989-83B3-DAB703FEBC6C}"
EndProject
Global
	GlobalSection(SolutionConfigurationPlatforms) = preSolution
		Debug|Any CPU = Debug|Any CPU
		Release|Any CPU = Release|Any CPU
	EndGlobalSection
	GlobalSection(ProjectConfigurationPlatforms) = postSolution
		{3F216411-F31E-4C9B-A414-DC1E1513CA29}.Debug|Any CPU.ActiveCfg = Debug|Any CPU
		{3F216411-F31E-4C9B-A414-DC1E1513CA29}.Debug|Any CPU.Build.0 = Debug|Any CPU
		{3F216411-F31E-4C9B-A414-DC1E1513CA29}.Release|Any CPU.ActiveCfg = Release|Any CPU
		{3F216411-F31E-4C9B-A414-DC1E1513CA29}.Release|Any CPU.Build.0 = Release|Any CPU
		{567D186C-ACF5-4C9E-BBD9-37EFFB3B0C7D}.Debug|Any CPU.ActiveCfg = Debug|Any CPU
		{567D186C-ACF5-4C9E-BBD9-37EFFB3B0C7D}.Debug|Any CPU.Build.0 = Debug|Any CPU
		{567D186C-ACF5-4C9E-BBD9-37EFFB3B0C7D}.Release|Any CPU.ActiveCfg = Release|Any CPU
		{567D186C-ACF5-4C9E-BBD9-37EFFB3B0C7D}.Release|Any CPU.Build.0 = Release|Any CPU
		{B4726F3A-681C-4989-83B3-DAB703FEBC6C}.Debug|Any CPU.ActiveCfg = Debug|Any CPU
		{B4726F3A-681C-4989-83B3-DAB703FEBC6C}.Debug|Any CPU.Build.0 = Debug|Any CPU
		{B4726F3A-681C-4989-83B3-DAB703FEBC6C}.Release|Any CPU.ActiveCfg = Release|Any CPU
		{B4726F3A-681C-4989-83B3-DAB703FEBC6C}.Release|Any CPU.Build.0 = Release|Any CPU
	EndGlobalSection
	GlobalSection(SolutionProperties) = preSolution
		HideSolutionNode = FALSE
	EndGlobalSection
	GlobalSection(ExtensibilityGlobals) = postSolution
		SolutionGuid = {AAA46814-B282-4324-9F6A-AF9C514B04F2}
	EndGlobalSection
EndGlobal
