
Microsoft Visual Studio Solution File, Format Version 12.00
# Visual Studio Version 16
VisualStudioVersion = 16.0.29424.173
MinimumVisualStudioVersion = 10.0.40219.1
Project("{FAE04EC0-301F-11D3-BF4B-00C04F79EFBC}") = "Interfaces and abstraction", "Interfaces and abstraction.csproj", "{4E11ACCE-E8B7-48E1-A385-0DE246BA9FF4}"
EndProject
Project("{FAE04EC0-301F-11D3-BF4B-00C04F79EFBC}") = "Multibale interfaces", "..\Multibale interfaces\Multibale interfaces.csproj", "{C6C644F0-CDBD-4499-86EB-365A710B698A}"
EndProject
Project("{FAE04EC0-301F-11D3-BF4B-00C04F79EFBC}") = "Shapes", "..\Shapes\Shapes.csproj", "{9549B69A-4FA7-4F48-976B-FA0DC09D9BAA}"
EndProject
Project("{FAE04EC0-301F-11D3-BF4B-00C04F79EFBC}") = "AbstractClasses", "..\AbstractClasses\AbstractClasses.csproj", "{3CBF04CE-B901-4C5C-95E7-784ACAFB1C4E}"
EndProject
Project("{FAE04EC0-301F-11D3-BF4B-00C04F79EFBC}") = "Cars", "..\Cars\Cars.csproj", "{1E0F5E78-A406-4941-87AD-FADFF1958199}"
EndProject
Global
	GlobalSection(SolutionConfigurationPlatforms) = preSolution
		Debug|Any CPU = Debug|Any CPU
		Release|Any CPU = Release|Any CPU
	EndGlobalSection
	GlobalSection(ProjectConfigurationPlatforms) = postSolution
		{4E11ACCE-E8B7-48E1-A385-0DE246BA9FF4}.Debug|Any CPU.ActiveCfg = Debug|Any CPU
		{4E11ACCE-E8B7-48E1-A385-0DE246BA9FF4}.Debug|Any CPU.Build.0 = Debug|Any CPU
		{4E11ACCE-E8B7-48E1-A385-0DE246BA9FF4}.Release|Any CPU.ActiveCfg = Release|Any CPU
		{4E11ACCE-E8B7-48E1-A385-0DE246BA9FF4}.Release|Any CPU.Build.0 = Release|Any CPU
		{C6C644F0-CDBD-4499-86EB-365A710B698A}.Debug|Any CPU.ActiveCfg = Debug|Any CPU
		{C6C644F0-CDBD-4499-86EB-365A710B698A}.Debug|Any CPU.Build.0 = Debug|Any CPU
		{C6C644F0-CDBD-4499-86EB-365A710B698A}.Release|Any CPU.ActiveCfg = Release|Any CPU
		{C6C644F0-CDBD-4499-86EB-365A710B698A}.Release|Any CPU.Build.0 = Release|Any CPU
		{9549B69A-4FA7-4F48-976B-FA0DC09D9BAA}.Debug|Any CPU.ActiveCfg = Debug|Any CPU
		{9549B69A-4FA7-4F48-976B-FA0DC09D9BAA}.Debug|Any CPU.Build.0 = Debug|Any CPU
		{9549B69A-4FA7-4F48-976B-FA0DC09D9BAA}.Release|Any CPU.ActiveCfg = Release|Any CPU
		{9549B69A-4FA7-4F48-976B-FA0DC09D9BAA}.Release|Any CPU.Build.0 = Release|Any CPU
		{3CBF04CE-B901-4C5C-95E7-784ACAFB1C4E}.Debug|Any CPU.ActiveCfg = Debug|Any CPU
		{3CBF04CE-B901-4C5C-95E7-784ACAFB1C4E}.Debug|Any CPU.Build.0 = Debug|Any CPU
		{3CBF04CE-B901-4C5C-95E7-784ACAFB1C4E}.Release|Any CPU.ActiveCfg = Release|Any CPU
		{3CBF04CE-B901-4C5C-95E7-784ACAFB1C4E}.Release|Any CPU.Build.0 = Release|Any CPU
		{1E0F5E78-A406-4941-87AD-FADFF1958199}.Debug|Any CPU.ActiveCfg = Debug|Any CPU
		{1E0F5E78-A406-4941-87AD-FADFF1958199}.Debug|Any CPU.Build.0 = Debug|Any CPU
		{1E0F5E78-A406-4941-87AD-FADFF1958199}.Release|Any CPU.ActiveCfg = Release|Any CPU
		{1E0F5E78-A406-4941-87AD-FADFF1958199}.Release|Any CPU.Build.0 = Release|Any CPU
	EndGlobalSection
	GlobalSection(SolutionProperties) = preSolution
		HideSolutionNode = FALSE
	EndGlobalSection
	GlobalSection(ExtensibilityGlobals) = postSolution
		SolutionGuid = {D8C67FCA-9D9D-4E3C-80AF-FA6EFC2BE087}
	EndGlobalSection
EndGlobal
