
Microsoft Visual Studio Solution File, Format Version 12.00
# Visual Studio Version 16
VisualStudioVersion = 16.0.30626.31
MinimumVisualStudioVersion = 10.0.40219.1
Project("{FAE04EC0-301F-11D3-BF4B-00C04F79EFBC}") = "AngleSharp", "AngleSharp\AngleSharp.csproj", "{0252EE11-9AE4-4230-9059-C2B4587644A2}"
EndProject
Global
	GlobalSection(SolutionConfigurationPlatforms) = preSolution
		Debug|Any CPU = Debug|Any CPU
		Release|Any CPU = Release|Any CPU
	EndGlobalSection
	GlobalSection(ProjectConfigurationPlatforms) = postSolution
		{0252EE11-9AE4-4230-9059-C2B4587644A2}.Debug|Any CPU.ActiveCfg = Debug|Any CPU
		{0252EE11-9AE4-4230-9059-C2B4587644A2}.Debug|Any CPU.Build.0 = Debug|Any CPU
		{0252EE11-9AE4-4230-9059-C2B4587644A2}.Release|Any CPU.ActiveCfg = Release|Any CPU
		{0252EE11-9AE4-4230-9059-C2B4587644A2}.Release|Any CPU.Build.0 = Release|Any CPU
	EndGlobalSection
	GlobalSection(SolutionProperties) = preSolution
		HideSolutionNode = FALSE
	EndGlobalSection
	GlobalSection(ExtensibilityGlobals) = postSolution
		SolutionGuid = {D12A0873-D595-4F38-9995-88E38962AE49}
	EndGlobalSection
EndGlobal
