
Microsoft Visual Studio Solution File, Format Version 12.00
# Visual Studio Version 16
VisualStudioVersion = 16.0.29424.173
MinimumVisualStudioVersion = 10.0.40219.1
Project("{FAE04EC0-301F-11D3-BF4B-00C04F79EFBC}") = "Telephony", "Telephony.csproj", "{BD91C8A6-B8FA-4098-83FA-C64075F35BB8}"
EndProject
Global
	GlobalSection(SolutionConfigurationPlatforms) = preSolution
		Debug|Any CPU = Debug|Any CPU
		Release|Any CPU = Release|Any CPU
	EndGlobalSection
	GlobalSection(ProjectConfigurationPlatforms) = postSolution
		{BD91C8A6-B8FA-4098-83FA-C64075F35BB8}.Debug|Any CPU.ActiveCfg = Debug|Any CPU
		{BD91C8A6-B8FA-4098-83FA-C64075F35BB8}.Debug|Any CPU.Build.0 = Debug|Any CPU
		{BD91C8A6-B8FA-4098-83FA-C64075F35BB8}.Release|Any CPU.ActiveCfg = Release|Any CPU
		{BD91C8A6-B8FA-4098-83FA-C64075F35BB8}.Release|Any CPU.Build.0 = Release|Any CPU
	EndGlobalSection
	GlobalSection(SolutionProperties) = preSolution
		HideSolutionNode = FALSE
	EndGlobalSection
	GlobalSection(ExtensibilityGlobals) = postSolution
		SolutionGuid = {A3116C00-FFF2-4E47-9FF1-33991025C7B5}
	EndGlobalSection
EndGlobal
