
Microsoft Visual Studio Solution File, Format Version 12.00
# Visual Studio Version 16
VisualStudioVersion = 16.0.29409.12
MinimumVisualStudioVersion = 10.0.40219.1
Project("{9A19103F-16F7-4668-BE54-9A1E7A4F7556}") = "SpaceStationRecruitment", "SpaceStationRecruitment.csproj", "{6856288E-F06F-4239-82F4-0C436D8480DE}"
EndProject
Global
	GlobalSection(SolutionConfigurationPlatforms) = preSolution
		Debug|Any CPU = Debug|Any CPU
		Release|Any CPU = Release|Any CPU
	EndGlobalSection
	GlobalSection(ProjectConfigurationPlatforms) = postSolution
		{6856288E-F06F-4239-82F4-0C436D8480DE}.Debug|Any CPU.ActiveCfg = Debug|Any CPU
		{6856288E-F06F-4239-82F4-0C436D8480DE}.Debug|Any CPU.Build.0 = Debug|Any CPU
		{6856288E-F06F-4239-82F4-0C436D8480DE}.Release|Any CPU.ActiveCfg = Release|Any CPU
		{6856288E-F06F-4239-82F4-0C436D8480DE}.Release|Any CPU.Build.0 = Release|Any CPU
	EndGlobalSection
	GlobalSection(SolutionProperties) = preSolution
		HideSolutionNode = FALSE
	EndGlobalSection
	GlobalSection(ExtensibilityGlobals) = postSolution
		SolutionGuid = {FD2A92D3-F56B-4D77-8F72-5ADFE1D8DD98}
	EndGlobalSection
EndGlobal
