
Microsoft Visual Studio Solution File, Format Version 12.00
# Visual Studio 15
VisualStudioVersion = 15.0.28307.645
MinimumVisualStudioVersion = 10.0.40219.1
Project("{FAE04EC0-301F-11D3-BF4B-00C04F79EFBC}") = "1 Basick operations", "Stacks and Queues - Exercise\1 Basick operations.csproj", "{56027D57-FD79-475C-BCEC-7E7C55C6C9CE}"
EndProject
Project("{FAE04EC0-301F-11D3-BF4B-00C04F79EFBC}") = "2. Basic Queue Operations", "2. Basic Queue Operations\2. Basic Queue Operations.csproj", "{4A31F626-0E8B-4189-9DE9-9F358E9BFB0D}"
EndProject
Project("{FAE04EC0-301F-11D3-BF4B-00C04F79EFBC}") = "3. Maximum and Minimum Element", "3. Maximum and Minimum Element\3. Maximum and Minimum Element.csproj", "{FB28F83D-E5D3-48F4-9A4C-839286CECD0F}"
EndProject
Project("{FAE04EC0-301F-11D3-BF4B-00C04F79EFBC}") = "4. Fast Food", "4. Fast Food\4. Fast Food.csproj", "{01B86264-8250-4B62-8EA9-92264881F3D0}"
EndProject
Global
	GlobalSection(SolutionConfigurationPlatforms) = preSolution
		Debug|Any CPU = Debug|Any CPU
		Release|Any CPU = Release|Any CPU
	EndGlobalSection
	GlobalSection(ProjectConfigurationPlatforms) = postSolution
		{56027D57-FD79-475C-BCEC-7E7C55C6C9CE}.Debug|Any CPU.ActiveCfg = Debug|Any CPU
		{56027D57-FD79-475C-BCEC-7E7C55C6C9CE}.Debug|Any CPU.Build.0 = Debug|Any CPU
		{56027D57-FD79-475C-BCEC-7E7C55C6C9CE}.Release|Any CPU.ActiveCfg = Release|Any CPU
		{56027D57-FD79-475C-BCEC-7E7C55C6C9CE}.Release|Any CPU.Build.0 = Release|Any CPU
		{4A31F626-0E8B-4189-9DE9-9F358E9BFB0D}.Debug|Any CPU.ActiveCfg = Debug|Any CPU
		{4A31F626-0E8B-4189-9DE9-9F358E9BFB0D}.Debug|Any CPU.Build.0 = Debug|Any CPU
		{4A31F626-0E8B-4189-9DE9-9F358E9BFB0D}.Release|Any CPU.ActiveCfg = Release|Any CPU
		{4A31F626-0E8B-4189-9DE9-9F358E9BFB0D}.Release|Any CPU.Build.0 = Release|Any CPU
		{FB28F83D-E5D3-48F4-9A4C-839286CECD0F}.Debug|Any CPU.ActiveCfg = Debug|Any CPU
		{FB28F83D-E5D3-48F4-9A4C-839286CECD0F}.Debug|Any CPU.Build.0 = Debug|Any CPU
		{FB28F83D-E5D3-48F4-9A4C-839286CECD0F}.Release|Any CPU.ActiveCfg = Release|Any CPU
		{FB28F83D-E5D3-48F4-9A4C-839286CECD0F}.Release|Any CPU.Build.0 = Release|Any CPU
		{01B86264-8250-4B62-8EA9-92264881F3D0}.Debug|Any CPU.ActiveCfg = Debug|Any CPU
		{01B86264-8250-4B62-8EA9-92264881F3D0}.Debug|Any CPU.Build.0 = Debug|Any CPU
		{01B86264-8250-4B62-8EA9-92264881F3D0}.Release|Any CPU.ActiveCfg = Release|Any CPU
		{01B86264-8250-4B62-8EA9-92264881F3D0}.Release|Any CPU.Build.0 = Release|Any CPU
	EndGlobalSection
	GlobalSection(SolutionProperties) = preSolution
		HideSolutionNode = FALSE
	EndGlobalSection
	GlobalSection(ExtensibilityGlobals) = postSolution
		SolutionGuid = {0F6A0F4D-3C0E-4600-81F6-DC16741E3921}
	EndGlobalSection
EndGlobal
