
Microsoft Visual Studio Solution File, Format Version 12.00
# Visual Studio Version 16
VisualStudioVersion = 16.0.29209.62
MinimumVisualStudioVersion = 10.0.40219.1
Project("{9A19103F-16F7-4668-BE54-9A1E7A4F7556}") = "1 Basick operations", "Stacks and Queues - Exercise\1 Basick operations.csproj", "{56027D57-FD79-475C-BCEC-7E7C55C6C9CE}"
EndProject
Project("{9A19103F-16F7-4668-BE54-9A1E7A4F7556}") = "3. Maximum and Minimum Element", "3. Maximum and Minimum Element\3. Maximum and Minimum Element.csproj", "{FB28F83D-E5D3-48F4-9A4C-839286CECD0F}"
EndProject
Project("{9A19103F-16F7-4668-BE54-9A1E7A4F7556}") = "4. Fast Food", "4. Fast Food\4. Fast Food.csproj", "{01B86264-8250-4B62-8EA9-92264881F3D0}"
EndProject
Project("{9A19103F-16F7-4668-BE54-9A1E7A4F7556}") = "5. Fashion Boutique", "5. Fashion Boutique\5. Fashion Boutique.csproj", "{37A4251A-923B-44DE-A4FE-894E036E942E}"
EndProject
Project("{9A19103F-16F7-4668-BE54-9A1E7A4F7556}") = "6.  Auto Repair and Service", "6.  Auto Repair and Service\6.  Auto Repair and Service.csproj", "{017DB212-2FCA-4A45-9E90-434071E45CD9}"
EndProject
Project("{9A19103F-16F7-4668-BE54-9A1E7A4F7556}") = "7. Truck Tour", "7. Truck Tour\7. Truck Tour.csproj", "{76F1D1D0-DA5B-4A05-B9C2-0EFE2978CB18}"
EndProject
Project("{9A19103F-16F7-4668-BE54-9A1E7A4F7556}") = "8. Balanced Parenthesis", "8. Balanced Parenthesis\8. Balanced Parenthesis.csproj", "{2DB264CB-A036-4DA9-A9D2-4CDC4919FFD3}"
EndProject
Project("{9A19103F-16F7-4668-BE54-9A1E7A4F7556}") = "9. Simple Text Editor", "9. Simple Text Editor\9. Simple Text Editor.csproj", "{968ABE05-5232-41F8-AC4B-1789B8F4100A}"
EndProject
Project("{9A19103F-16F7-4668-BE54-9A1E7A4F7556}") = "Problem 2. Basic Queue Operationss", "Problem 2. Basic Queue Operationss\Problem 2. Basic Queue Operationss.csproj", "{70AA1CA1-9121-42D6-B6F5-6473B3246ED0}"
EndProject
Project("{FAE04EC0-301F-11D3-BF4B-00C04F79EFBC}") = "6. Songs Queue", "6. Songs Queue\6. Songs Queue.csproj", "{57FBA802-3E15-46E5-964E-01EB7BF531F9}"
EndProject
Global
	GlobalSection(SolutionConfigurationPlatforms) = preSolution
		Debug|Any CPU = Debug|Any CPU
		Release|Any CPU = Release|Any CPU
	EndGlobalSection
	GlobalSection(ProjectConfigurationPlatforms) = postSolution
		{56027D57-FD79-475C-BCEC-7E7C55C6C9CE}.Debug|Any CPU.ActiveCfg = Debug|Any CPU
		{56027D57-FD79-475C-BCEC-7E7C55C6C9CE}.Debug|Any CPU.Build.0 = Debug|Any CPU
		{56027D57-FD79-475C-BCEC-7E7C55C6C9CE}.Release|Any CPU.ActiveCfg = Release|Any CPU
		{56027D57-FD79-475C-BCEC-7E7C55C6C9CE}.Release|Any CPU.Build.0 = Release|Any CPU
		{FB28F83D-E5D3-48F4-9A4C-839286CECD0F}.Debug|Any CPU.ActiveCfg = Debug|Any CPU
		{FB28F83D-E5D3-48F4-9A4C-839286CECD0F}.Debug|Any CPU.Build.0 = Debug|Any CPU
		{FB28F83D-E5D3-48F4-9A4C-839286CECD0F}.Release|Any CPU.ActiveCfg = Release|Any CPU
		{FB28F83D-E5D3-48F4-9A4C-839286CECD0F}.Release|Any CPU.Build.0 = Release|Any CPU
		{01B86264-8250-4B62-8EA9-92264881F3D0}.Debug|Any CPU.ActiveCfg = Debug|Any CPU
		{01B86264-8250-4B62-8EA9-92264881F3D0}.Debug|Any CPU.Build.0 = Debug|Any CPU
		{01B86264-8250-4B62-8EA9-92264881F3D0}.Release|Any CPU.ActiveCfg = Release|Any CPU
		{01B86264-8250-4B62-8EA9-92264881F3D0}.Release|Any CPU.Build.0 = Release|Any CPU
		{37A4251A-923B-44DE-A4FE-894E036E942E}.Debug|Any CPU.ActiveCfg = Debug|Any CPU
		{37A4251A-923B-44DE-A4FE-894E036E942E}.Debug|Any CPU.Build.0 = Debug|Any CPU
		{37A4251A-923B-44DE-A4FE-894E036E942E}.Release|Any CPU.ActiveCfg = Release|Any CPU
		{37A4251A-923B-44DE-A4FE-894E036E942E}.Release|Any CPU.Build.0 = Release|Any CPU
		{017DB212-2FCA-4A45-9E90-434071E45CD9}.Debug|Any CPU.ActiveCfg = Debug|Any CPU
		{017DB212-2FCA-4A45-9E90-434071E45CD9}.Debug|Any CPU.Build.0 = Debug|Any CPU
		{017DB212-2FCA-4A45-9E90-434071E45CD9}.Release|Any CPU.ActiveCfg = Release|Any CPU
		{017DB212-2FCA-4A45-9E90-434071E45CD9}.Release|Any CPU.Build.0 = Release|Any CPU
		{76F1D1D0-DA5B-4A05-B9C2-0EFE2978CB18}.Debug|Any CPU.ActiveCfg = Debug|Any CPU
		{76F1D1D0-DA5B-4A05-B9C2-0EFE2978CB18}.Debug|Any CPU.Build.0 = Debug|Any CPU
		{76F1D1D0-DA5B-4A05-B9C2-0EFE2978CB18}.Release|Any CPU.ActiveCfg = Release|Any CPU
		{76F1D1D0-DA5B-4A05-B9C2-0EFE2978CB18}.Release|Any CPU.Build.0 = Release|Any CPU
		{2DB264CB-A036-4DA9-A9D2-4CDC4919FFD3}.Debug|Any CPU.ActiveCfg = Debug|Any CPU
		{2DB264CB-A036-4DA9-A9D2-4CDC4919FFD3}.Debug|Any CPU.Build.0 = Debug|Any CPU
		{2DB264CB-A036-4DA9-A9D2-4CDC4919FFD3}.Release|Any CPU.ActiveCfg = Release|Any CPU
		{2DB264CB-A036-4DA9-A9D2-4CDC4919FFD3}.Release|Any CPU.Build.0 = Release|Any CPU
		{968ABE05-5232-41F8-AC4B-1789B8F4100A}.Debug|Any CPU.ActiveCfg = Debug|Any CPU
		{968ABE05-5232-41F8-AC4B-1789B8F4100A}.Debug|Any CPU.Build.0 = Debug|Any CPU
		{968ABE05-5232-41F8-AC4B-1789B8F4100A}.Release|Any CPU.ActiveCfg = Release|Any CPU
		{968ABE05-5232-41F8-AC4B-1789B8F4100A}.Release|Any CPU.Build.0 = Release|Any CPU
		{70AA1CA1-9121-42D6-B6F5-6473B3246ED0}.Debug|Any CPU.ActiveCfg = Debug|Any CPU
		{70AA1CA1-9121-42D6-B6F5-6473B3246ED0}.Debug|Any CPU.Build.0 = Debug|Any CPU
		{70AA1CA1-9121-42D6-B6F5-6473B3246ED0}.Release|Any CPU.ActiveCfg = Release|Any CPU
		{70AA1CA1-9121-42D6-B6F5-6473B3246ED0}.Release|Any CPU.Build.0 = Release|Any CPU
		{57FBA802-3E15-46E5-964E-01EB7BF531F9}.Debug|Any CPU.ActiveCfg = Debug|Any CPU
		{57FBA802-3E15-46E5-964E-01EB7BF531F9}.Debug|Any CPU.Build.0 = Debug|Any CPU
		{57FBA802-3E15-46E5-964E-01EB7BF531F9}.Release|Any CPU.ActiveCfg = Release|Any CPU
		{57FBA802-3E15-46E5-964E-01EB7BF531F9}.Release|Any CPU.Build.0 = Release|Any CPU
	EndGlobalSection
	GlobalSection(SolutionProperties) = preSolution
		HideSolutionNode = FALSE
	EndGlobalSection
	GlobalSection(ExtensibilityGlobals) = postSolution
		SolutionGuid = {0F6A0F4D-3C0E-4600-81F6-DC16741E3921}
	EndGlobalSection
EndGlobal
