
Microsoft Visual Studio Solution File, Format Version 12.00
# Visual Studio 15
VisualStudioVersion = 15.0.28010.2046
MinimumVisualStudioVersion = 10.0.40219.1
Project("{FAE04EC0-301F-11D3-BF4B-00C04F79EFBC}") = "string and char", "string and char\string and char.csproj", "{323BFB80-0583-4FDB-822F-9CDE8E91EDDD}"
EndProject
Global
	GlobalSection(SolutionConfigurationPlatforms) = preSolution
		Debug|Any CPU = Debug|Any CPU
		Release|Any CPU = Release|Any CPU
	EndGlobalSection
	GlobalSection(ProjectConfigurationPlatforms) = postSolution
		{323BFB80-0583-4FDB-822F-9CDE8E91EDDD}.Debug|Any CPU.ActiveCfg = Debug|Any CPU
		{323BFB80-0583-4FDB-822F-9CDE8E91EDDD}.Debug|Any CPU.Build.0 = Debug|Any CPU
		{323BFB80-0583-4FDB-822F-9CDE8E91EDDD}.Release|Any CPU.ActiveCfg = Release|Any CPU
		{323BFB80-0583-4FDB-822F-9CDE8E91EDDD}.Release|Any CPU.Build.0 = Release|Any CPU
	EndGlobalSection
	GlobalSection(SolutionProperties) = preSolution
		HideSolutionNode = FALSE
	EndGlobalSection
	GlobalSection(ExtensibilityGlobals) = postSolution
		SolutionGuid = {129EDBC6-7141-4245-9D69-0C1052B3950E}
	EndGlobalSection
EndGlobal
