
Microsoft Visual Studio Solution File, Format Version 12.00
# Visual Studio 15
VisualStudioVersion = 15.0.28307.329
MinimumVisualStudioVersion = 10.0.40219.1
Project("{FAE04EC0-301F-11D3-BF4B-00C04F79EFBC}") = "demo mid password", "demo mid password\demo mid password.csproj", "{5904350B-AE50-4476-B6CF-303B0E2A9475}"
EndProject
Project("{FAE04EC0-301F-11D3-BF4B-00C04F79EFBC}") = "bread factory", "bread factory\bread factory.csproj", "{03F8EB02-B68A-4D0D-AFF5-961062108E99}"
EndProject
Project("{FAE04EC0-301F-11D3-BF4B-00C04F79EFBC}") = "cooking factory", "cooking factory\cooking factory.csproj", "{A75DDC4E-6476-405A-B8E4-90F4AA4B0F60}"
EndProject
Project("{FAE04EC0-301F-11D3-BF4B-00C04F79EFBC}") = "bread factory 2", "bread factory 2\bread factory 2.csproj", "{18AD6C68-7879-4205-89B3-7AF553713F87}"
EndProject
Global
	GlobalSection(SolutionConfigurationPlatforms) = preSolution
		Debug|Any CPU = Debug|Any CPU
		Release|Any CPU = Release|Any CPU
	EndGlobalSection
	GlobalSection(ProjectConfigurationPlatforms) = postSolution
		{5904350B-AE50-4476-B6CF-303B0E2A9475}.Debug|Any CPU.ActiveCfg = Debug|Any CPU
		{5904350B-AE50-4476-B6CF-303B0E2A9475}.Debug|Any CPU.Build.0 = Debug|Any CPU
		{5904350B-AE50-4476-B6CF-303B0E2A9475}.Release|Any CPU.ActiveCfg = Release|Any CPU
		{5904350B-AE50-4476-B6CF-303B0E2A9475}.Release|Any CPU.Build.0 = Release|Any CPU
		{03F8EB02-B68A-4D0D-AFF5-961062108E99}.Debug|Any CPU.ActiveCfg = Debug|Any CPU
		{03F8EB02-B68A-4D0D-AFF5-961062108E99}.Debug|Any CPU.Build.0 = Debug|Any CPU
		{03F8EB02-B68A-4D0D-AFF5-961062108E99}.Release|Any CPU.ActiveCfg = Release|Any CPU
		{03F8EB02-B68A-4D0D-AFF5-961062108E99}.Release|Any CPU.Build.0 = Release|Any CPU
		{A75DDC4E-6476-405A-B8E4-90F4AA4B0F60}.Debug|Any CPU.ActiveCfg = Debug|Any CPU
		{A75DDC4E-6476-405A-B8E4-90F4AA4B0F60}.Debug|Any CPU.Build.0 = Debug|Any CPU
		{A75DDC4E-6476-405A-B8E4-90F4AA4B0F60}.Release|Any CPU.ActiveCfg = Release|Any CPU
		{A75DDC4E-6476-405A-B8E4-90F4AA4B0F60}.Release|Any CPU.Build.0 = Release|Any CPU
		{18AD6C68-7879-4205-89B3-7AF553713F87}.Debug|Any CPU.ActiveCfg = Debug|Any CPU
		{18AD6C68-7879-4205-89B3-7AF553713F87}.Debug|Any CPU.Build.0 = Debug|Any CPU
		{18AD6C68-7879-4205-89B3-7AF553713F87}.Release|Any CPU.ActiveCfg = Release|Any CPU
		{18AD6C68-7879-4205-89B3-7AF553713F87}.Release|Any CPU.Build.0 = Release|Any CPU
	EndGlobalSection
	GlobalSection(SolutionProperties) = preSolution
		HideSolutionNode = FALSE
	EndGlobalSection
	GlobalSection(ExtensibilityGlobals) = postSolution
		SolutionGuid = {7E1F06BB-1A3F-4DEF-B319-48C90B23BB29}
	EndGlobalSection
EndGlobal
