
Microsoft Visual Studio Solution File, Format Version 12.00
# Visual Studio Version 16
VisualStudioVersion = 16.0.30021.99
MinimumVisualStudioVersion = 10.0.40219.1
Project("{FAE04EC0-301F-11D3-BF4B-00C04F79EFBC}") = "XML Processing- lessons", "XML Processing- lessons\XML Processing- lessons.csproj", "{51C360AA-A87A-4E25-B450-13C29CADD6E6}"
EndProject
Global
	GlobalSection(SolutionConfigurationPlatforms) = preSolution
		Debug|Any CPU = Debug|Any CPU
		Release|Any CPU = Release|Any CPU
	EndGlobalSection
	GlobalSection(ProjectConfigurationPlatforms) = postSolution
		{51C360AA-A87A-4E25-B450-13C29CADD6E6}.Debug|Any CPU.ActiveCfg = Debug|Any CPU
		{51C360AA-A87A-4E25-B450-13C29CADD6E6}.Debug|Any CPU.Build.0 = Debug|Any CPU
		{51C360AA-A87A-4E25-B450-13C29CADD6E6}.Release|Any CPU.ActiveCfg = Release|Any CPU
		{51C360AA-A87A-4E25-B450-13C29CADD6E6}.Release|Any CPU.Build.0 = Release|Any CPU
	EndGlobalSection
	GlobalSection(SolutionProperties) = preSolution
		HideSolutionNode = FALSE
	EndGlobalSection
	GlobalSection(ExtensibilityGlobals) = postSolution
		SolutionGuid = {B33B83DE-419E-4160-BB35-CB3757477290}
	EndGlobalSection
EndGlobal
