
Microsoft Visual Studio Solution File, Format Version 12.00
# Visual Studio 15
VisualStudioVersion = 15.0.28010.2048
MinimumVisualStudioVersion = 10.0.40219.1
Project("{FAE04EC0-301F-11D3-BF4B-00C04F79EFBC}") = "bool", "bool\bool.csproj", "{486C96CF-95E0-4261-8347-C103DCE275D4}"
EndProject
Global
	GlobalSection(SolutionConfigurationPlatforms) = preSolution
		Debug|Any CPU = Debug|Any CPU
		Release|Any CPU = Release|Any CPU
	EndGlobalSection
	GlobalSection(ProjectConfigurationPlatforms) = postSolution
		{486C96CF-95E0-4261-8347-C103DCE275D4}.Debug|Any CPU.ActiveCfg = Debug|Any CPU
		{486C96CF-95E0-4261-8347-C103DCE275D4}.Debug|Any CPU.Build.0 = Debug|Any CPU
		{486C96CF-95E0-4261-8347-C103DCE275D4}.Release|Any CPU.ActiveCfg = Release|Any CPU
		{486C96CF-95E0-4261-8347-C103DCE275D4}.Release|Any CPU.Build.0 = Release|Any CPU
	EndGlobalSection
	GlobalSection(SolutionProperties) = preSolution
		HideSolutionNode = FALSE
	EndGlobalSection
	GlobalSection(ExtensibilityGlobals) = postSolution
		SolutionGuid = {950F2CE1-3B29-46C7-88F0-113B562349A5}
	EndGlobalSection
EndGlobal
