
Microsoft Visual Studio Solution File, Format Version 12.00
# Visual Studio Version 16
VisualStudioVersion = 16.0.30021.99
MinimumVisualStudioVersion = 10.0.40219.1
Project("{FAE04EC0-301F-11D3-BF4B-00C04F79EFBC}") = "advanced EF", "advanced EF\advanced EF.csproj", "{4EECA950-EF6E-4024-9A1A-81D87AE8C890}"
EndProject
Global
	GlobalSection(SolutionConfigurationPlatforms) = preSolution
		Debug|Any CPU = Debug|Any CPU
		Release|Any CPU = Release|Any CPU
	EndGlobalSection
	GlobalSection(ProjectConfigurationPlatforms) = postSolution
		{4EECA950-EF6E-4024-9A1A-81D87AE8C890}.Debug|Any CPU.ActiveCfg = Debug|Any CPU
		{4EECA950-EF6E-4024-9A1A-81D87AE8C890}.Debug|Any CPU.Build.0 = Debug|Any CPU
		{4EECA950-EF6E-4024-9A1A-81D87AE8C890}.Release|Any CPU.ActiveCfg = Release|Any CPU
		{4EECA950-EF6E-4024-9A1A-81D87AE8C890}.Release|Any CPU.Build.0 = Release|Any CPU
	EndGlobalSection
	GlobalSection(SolutionProperties) = preSolution
		HideSolutionNode = FALSE
	EndGlobalSection
	GlobalSection(ExtensibilityGlobals) = postSolution
		SolutionGuid = {173319CB-A7EB-45B7-B6CD-D6E4A3B6B325}
	EndGlobalSection
EndGlobal
