
Microsoft Visual Studio Solution File, Format Version 12.00
# Visual Studio Version 16
VisualStudioVersion = 16.0.29409.12
MinimumVisualStudioVersion = 10.0.40219.1
Project("{FAE04EC0-301F-11D3-BF4B-00C04F79EFBC}") = "1.Club Party", "1.Club Party.csproj", "{A0BECC1E-00F9-4F57-B1E9-225F6E22A400}"
EndProject
Global
	GlobalSection(SolutionConfigurationPlatforms) = preSolution
		Debug|Any CPU = Debug|Any CPU
		Release|Any CPU = Release|Any CPU
	EndGlobalSection
	GlobalSection(ProjectConfigurationPlatforms) = postSolution
		{A0BECC1E-00F9-4F57-B1E9-225F6E22A400}.Debug|Any CPU.ActiveCfg = Debug|Any CPU
		{A0BECC1E-00F9-4F57-B1E9-225F6E22A400}.Debug|Any CPU.Build.0 = Debug|Any CPU
		{A0BECC1E-00F9-4F57-B1E9-225F6E22A400}.Release|Any CPU.ActiveCfg = Release|Any CPU
		{A0BECC1E-00F9-4F57-B1E9-225F6E22A400}.Release|Any CPU.Build.0 = Release|Any CPU
	EndGlobalSection
	GlobalSection(SolutionProperties) = preSolution
		HideSolutionNode = FALSE
	EndGlobalSection
	GlobalSection(ExtensibilityGlobals) = postSolution
		SolutionGuid = {A9CA90A8-9AEF-4410-B062-EE7A13D845A7}
	EndGlobalSection
EndGlobal
