
Microsoft Visual Studio Solution File, Format Version 12.00
# Visual Studio Version 16
VisualStudioVersion = 16.0.29424.173
MinimumVisualStudioVersion = 10.0.40219.1
Project("{FAE04EC0-301F-11D3-BF4B-00C04F79EFBC}") = "FoodShortage", "FoodShortage.csproj", "{D54F460B-258C-47B0-B317-FC8FAC93575D}"
EndProject
Global
	GlobalSection(SolutionConfigurationPlatforms) = preSolution
		Debug|Any CPU = Debug|Any CPU
		Release|Any CPU = Release|Any CPU
	EndGlobalSection
	GlobalSection(ProjectConfigurationPlatforms) = postSolution
		{D54F460B-258C-47B0-B317-FC8FAC93575D}.Debug|Any CPU.ActiveCfg = Debug|Any CPU
		{D54F460B-258C-47B0-B317-FC8FAC93575D}.Debug|Any CPU.Build.0 = Debug|Any CPU
		{D54F460B-258C-47B0-B317-FC8FAC93575D}.Release|Any CPU.ActiveCfg = Release|Any CPU
		{D54F460B-258C-47B0-B317-FC8FAC93575D}.Release|Any CPU.Build.0 = Release|Any CPU
	EndGlobalSection
	GlobalSection(SolutionProperties) = preSolution
		HideSolutionNode = FALSE
	EndGlobalSection
	GlobalSection(ExtensibilityGlobals) = postSolution
		SolutionGuid = {137427B8-6073-432F-85E4-F84BBAD91378}
	EndGlobalSection
EndGlobal
