
Microsoft Visual Studio Solution File, Format Version 12.00
# Visual Studio Version 16
VisualStudioVersion = 16.0.29424.173
MinimumVisualStudioVersion = 10.0.40219.1
Project("{FAE04EC0-301F-11D3-BF4B-00C04F79EFBC}") = "Encapsulation", "Encapsulation.csproj", "{E0F00662-67CB-403C-91A3-F88A19302080}"
EndProject
Project("{FAE04EC0-301F-11D3-BF4B-00C04F79EFBC}") = "ClassLibrary1", "..\ClassLibrary1\ClassLibrary1.csproj", "{146CA72F-A748-42CD-815E-A56DD679AFA7}"
EndProject
Global
	GlobalSection(SolutionConfigurationPlatforms) = preSolution
		Debug|Any CPU = Debug|Any CPU
		Release|Any CPU = Release|Any CPU
	EndGlobalSection
	GlobalSection(ProjectConfigurationPlatforms) = postSolution
		{E0F00662-67CB-403C-91A3-F88A19302080}.Debug|Any CPU.ActiveCfg = Debug|Any CPU
		{E0F00662-67CB-403C-91A3-F88A19302080}.Debug|Any CPU.Build.0 = Debug|Any CPU
		{E0F00662-67CB-403C-91A3-F88A19302080}.Release|Any CPU.ActiveCfg = Release|Any CPU
		{E0F00662-67CB-403C-91A3-F88A19302080}.Release|Any CPU.Build.0 = Release|Any CPU
		{146CA72F-A748-42CD-815E-A56DD679AFA7}.Debug|Any CPU.ActiveCfg = Debug|Any CPU
		{146CA72F-A748-42CD-815E-A56DD679AFA7}.Debug|Any CPU.Build.0 = Debug|Any CPU
		{146CA72F-A748-42CD-815E-A56DD679AFA7}.Release|Any CPU.ActiveCfg = Release|Any CPU
		{146CA72F-A748-42CD-815E-A56DD679AFA7}.Release|Any CPU.Build.0 = Release|Any CPU
	EndGlobalSection
	GlobalSection(SolutionProperties) = preSolution
		HideSolutionNode = FALSE
	EndGlobalSection
	GlobalSection(ExtensibilityGlobals) = postSolution
		SolutionGuid = {27780A39-0C10-47A8-8496-EAA172CD1A43}
	EndGlobalSection
EndGlobal
