
Microsoft Visual Studio Solution File, Format Version 12.00
# Visual Studio Version 16
VisualStudioVersion = 16.0.29409.12
MinimumVisualStudioVersion = 10.0.40219.1
Project("{9A19103F-16F7-4668-BE54-9A1E7A4F7556}") = "Heroes", "Heroes.csproj", "{FB00BA3B-101C-4F84-B9B7-9D6E39011C4D}"
EndProject
Global
	GlobalSection(SolutionConfigurationPlatforms) = preSolution
		Debug|Any CPU = Debug|Any CPU
		Release|Any CPU = Release|Any CPU
	EndGlobalSection
	GlobalSection(ProjectConfigurationPlatforms) = postSolution
		{FB00BA3B-101C-4F84-B9B7-9D6E39011C4D}.Debug|Any CPU.ActiveCfg = Debug|Any CPU
		{FB00BA3B-101C-4F84-B9B7-9D6E39011C4D}.Debug|Any CPU.Build.0 = Debug|Any CPU
		{FB00BA3B-101C-4F84-B9B7-9D6E39011C4D}.Release|Any CPU.ActiveCfg = Release|Any CPU
		{FB00BA3B-101C-4F84-B9B7-9D6E39011C4D}.Release|Any CPU.Build.0 = Release|Any CPU
	EndGlobalSection
	GlobalSection(SolutionProperties) = preSolution
		HideSolutionNode = FALSE
	EndGlobalSection
	GlobalSection(ExtensibilityGlobals) = postSolution
		SolutionGuid = {539EADB5-5F71-4C89-BFDD-F53D596ABF28}
	EndGlobalSection
EndGlobal
