
Microsoft Visual Studio Solution File, Format Version 12.00
# Visual Studio 15
VisualStudioVersion = 15.0.28010.2048
MinimumVisualStudioVersion = 10.0.40219.1
Project("{FAE04EC0-301F-11D3-BF4B-00C04F79EFBC}") = "for in for loops", "for in for loops\for in for loops.csproj", "{5A55B682-02F1-4098-83E8-21FB0FE7D517}"
EndProject
Project("{FAE04EC0-301F-11D3-BF4B-00C04F79EFBC}") = "magic 6 number", "magic 6 number\magic 6 number.csproj", "{8EFCB1BA-BD35-48DE-874F-D62804916C0D}"
EndProject
Global
	GlobalSection(SolutionConfigurationPlatforms) = preSolution
		Debug|Any CPU = Debug|Any CPU
		Release|Any CPU = Release|Any CPU
	EndGlobalSection
	GlobalSection(ProjectConfigurationPlatforms) = postSolution
		{5A55B682-02F1-4098-83E8-21FB0FE7D517}.Debug|Any CPU.ActiveCfg = Debug|Any CPU
		{5A55B682-02F1-4098-83E8-21FB0FE7D517}.Debug|Any CPU.Build.0 = Debug|Any CPU
		{5A55B682-02F1-4098-83E8-21FB0FE7D517}.Release|Any CPU.ActiveCfg = Release|Any CPU
		{5A55B682-02F1-4098-83E8-21FB0FE7D517}.Release|Any CPU.Build.0 = Release|Any CPU
		{8EFCB1BA-BD35-48DE-874F-D62804916C0D}.Debug|Any CPU.ActiveCfg = Debug|Any CPU
		{8EFCB1BA-BD35-48DE-874F-D62804916C0D}.Debug|Any CPU.Build.0 = Debug|Any CPU
		{8EFCB1BA-BD35-48DE-874F-D62804916C0D}.Release|Any CPU.ActiveCfg = Release|Any CPU
		{8EFCB1BA-BD35-48DE-874F-D62804916C0D}.Release|Any CPU.Build.0 = Release|Any CPU
	EndGlobalSection
	GlobalSection(SolutionProperties) = preSolution
		HideSolutionNode = FALSE
	EndGlobalSection
	GlobalSection(ExtensibilityGlobals) = postSolution
		SolutionGuid = {F2F348D8-6FF5-4958-AD68-78B4C264FF3E}
	EndGlobalSection
EndGlobal
