
Microsoft Visual Studio Solution File, Format Version 12.00
# Visual Studio Version 16
VisualStudioVersion = 16.0.30021.99
MinimumVisualStudioVersion = 10.0.40219.1
Project("{9A19103F-16F7-4668-BE54-9A1E7A4F7556}") = "IChronometer", "IChronometer\IChronometer.csproj", "{9307EF85-EC50-4E3D-B36C-14094A1A533E}"
EndProject
Project("{FAE04EC0-301F-11D3-BF4B-00C04F79EFBC}") = "simple chronometer", "simple chronometer\simple chronometer.csproj", "{BB0C59A2-2A3F-4BF5-9986-FA0B7FECA6FD}"
EndProject
Global
	GlobalSection(SolutionConfigurationPlatforms) = preSolution
		Debug|Any CPU = Debug|Any CPU
		Release|Any CPU = Release|Any CPU
	EndGlobalSection
	GlobalSection(ProjectConfigurationPlatforms) = postSolution
		{9307EF85-EC50-4E3D-B36C-14094A1A533E}.Debug|Any CPU.ActiveCfg = Debug|Any CPU
		{9307EF85-EC50-4E3D-B36C-14094A1A533E}.Debug|Any CPU.Build.0 = Debug|Any CPU
		{9307EF85-EC50-4E3D-B36C-14094A1A533E}.Release|Any CPU.ActiveCfg = Release|Any CPU
		{9307EF85-EC50-4E3D-B36C-14094A1A533E}.Release|Any CPU.Build.0 = Release|Any CPU
		{BB0C59A2-2A3F-4BF5-9986-FA0B7FECA6FD}.Debug|Any CPU.ActiveCfg = Debug|Any CPU
		{BB0C59A2-2A3F-4BF5-9986-FA0B7FECA6FD}.Debug|Any CPU.Build.0 = Debug|Any CPU
		{BB0C59A2-2A3F-4BF5-9986-FA0B7FECA6FD}.Release|Any CPU.ActiveCfg = Release|Any CPU
		{BB0C59A2-2A3F-4BF5-9986-FA0B7FECA6FD}.Release|Any CPU.Build.0 = Release|Any CPU
	EndGlobalSection
	GlobalSection(SolutionProperties) = preSolution
		HideSolutionNode = FALSE
	EndGlobalSection
	GlobalSection(ExtensibilityGlobals) = postSolution
		SolutionGuid = {DB2C8423-F13B-4F2E-93FC-B5C18BFA9140}
	EndGlobalSection
EndGlobal
