
Microsoft Visual Studio Solution File, Format Version 12.00
# Visual Studio Version 16
VisualStudioVersion = 16.0.30021.99
MinimumVisualStudioVersion = 10.0.40219.1
Project("{FAE04EC0-301F-11D3-BF4B-00C04F79EFBC}") = "P01_StudentSystem", "P01_StudentSystem\P01_StudentSystem.csproj", "{DD51E8EE-3127-4BBA-84DC-81FF2EB1F0C6}"
EndProject
Project("{FAE04EC0-301F-11D3-BF4B-00C04F79EFBC}") = "P01_StudentSystem.Data", "P01_StudentSystem.Data\P01_StudentSystem.Data.csproj", "{C8E8EF94-EA82-4886-AB5C-C27449862F0B}"
EndProject
Project("{FAE04EC0-301F-11D3-BF4B-00C04F79EFBC}") = "P01_StudentSystem.Data.Models", "P01_StudentSystem.Data.Models\P01_StudentSystem.Data.Models.csproj", "{4EDEBEE2-032C-4488-9C99-F9AF26CFCED3}"
EndProject
Global
	GlobalSection(SolutionConfigurationPlatforms) = preSolution
		Debug|Any CPU = Debug|Any CPU
		Release|Any CPU = Release|Any CPU
	EndGlobalSection
	GlobalSection(ProjectConfigurationPlatforms) = postSolution
		{DD51E8EE-3127-4BBA-84DC-81FF2EB1F0C6}.Debug|Any CPU.ActiveCfg = Debug|Any CPU
		{DD51E8EE-3127-4BBA-84DC-81FF2EB1F0C6}.Debug|Any CPU.Build.0 = Debug|Any CPU
		{DD51E8EE-3127-4BBA-84DC-81FF2EB1F0C6}.Release|Any CPU.ActiveCfg = Release|Any CPU
		{DD51E8EE-3127-4BBA-84DC-81FF2EB1F0C6}.Release|Any CPU.Build.0 = Release|Any CPU
		{C8E8EF94-EA82-4886-AB5C-C27449862F0B}.Debug|Any CPU.ActiveCfg = Debug|Any CPU
		{C8E8EF94-EA82-4886-AB5C-C27449862F0B}.Debug|Any CPU.Build.0 = Debug|Any CPU
		{C8E8EF94-EA82-4886-AB5C-C27449862F0B}.Release|Any CPU.ActiveCfg = Release|Any CPU
		{C8E8EF94-EA82-4886-AB5C-C27449862F0B}.Release|Any CPU.Build.0 = Release|Any CPU
		{4EDEBEE2-032C-4488-9C99-F9AF26CFCED3}.Debug|Any CPU.ActiveCfg = Debug|Any CPU
		{4EDEBEE2-032C-4488-9C99-F9AF26CFCED3}.Debug|Any CPU.Build.0 = Debug|Any CPU
		{4EDEBEE2-032C-4488-9C99-F9AF26CFCED3}.Release|Any CPU.ActiveCfg = Release|Any CPU
		{4EDEBEE2-032C-4488-9C99-F9AF26CFCED3}.Release|Any CPU.Build.0 = Release|Any CPU
	EndGlobalSection
	GlobalSection(SolutionProperties) = preSolution
		HideSolutionNode = FALSE
	EndGlobalSection
	GlobalSection(ExtensibilityGlobals) = postSolution
		SolutionGuid = {90CEBDC0-B4EE-4CE2-9ED9-D89C34F75A1D}
	EndGlobalSection
EndGlobal
