
Microsoft Visual Studio Solution File, Format Version 12.00
# Visual Studio 15
VisualStudioVersion = 15.0.28010.2041
MinimumVisualStudioVersion = 10.0.40219.1
Project("{FAE04EC0-301F-11D3-BF4B-00C04F79EFBC}") = "Forth", "Forth\Forth.csproj", "{3E80D721-29E7-4F97-8B4C-8C6759ECCAE6}"
EndProject
Global
	GlobalSection(SolutionConfigurationPlatforms) = preSolution
		Debug|Any CPU = Debug|Any CPU
		Release|Any CPU = Release|Any CPU
	EndGlobalSection
	GlobalSection(ProjectConfigurationPlatforms) = postSolution
		{3E80D721-29E7-4F97-8B4C-8C6759ECCAE6}.Debug|Any CPU.ActiveCfg = Debug|Any CPU
		{3E80D721-29E7-4F97-8B4C-8C6759ECCAE6}.Debug|Any CPU.Build.0 = Debug|Any CPU
		{3E80D721-29E7-4F97-8B4C-8C6759ECCAE6}.Release|Any CPU.ActiveCfg = Release|Any CPU
		{3E80D721-29E7-4F97-8B4C-8C6759ECCAE6}.Release|Any CPU.Build.0 = Release|Any CPU
	EndGlobalSection
	GlobalSection(SolutionProperties) = preSolution
		HideSolutionNode = FALSE
	EndGlobalSection
	GlobalSection(ExtensibilityGlobals) = postSolution
		SolutionGuid = {F6BFD843-D8E0-4EE6-91D0-C2C7E17C95F3}
	EndGlobalSection
EndGlobal
